
Microsoft Visual Studio Solution File, Format Version 10.00
# Visual Studio 2008
Project("{8BC9CEB8-8B4A-11D0-8D11-00A0C91BC942}") = "billingsystem", "billingsystem90.vcproj", "{9EA2E328-E6BE-4DF0-A8DC-05C08A0B822B}"
EndProject
Global
	GlobalSection(SolutionConfigurationPlatforms) = preSolution
		Debug|Win32 = Debug|Win32
		Release|Win32 = Release|Win32
	EndGlobalSection
	GlobalSection(ProjectConfigurationPlatforms) = postSolution
		{9EA2E328-E6BE-4DF0-A8DC-05C08A0B822B}.Debug|Win32.ActiveCfg = Debug|Win32
		{9EA2E328-E6BE-4DF0-A8DC-05C08A0B822B}.Debug|Win32.Build.0 = Debug|Win32
		{9EA2E328-E6BE-4DF0-A8DC-05C08A0B822B}.Release|Win32.ActiveCfg = Release|Win32
		{9EA2E328-E6BE-4DF0-A8DC-05C08A0B822B}.Release|Win32.Build.0 = Release|Win32
	EndGlobalSection
	GlobalSection(SolutionProperties) = preSolution
		HideSolutionNode = FALSE
	EndGlobalSection
EndGlobal
