<?xml version="1.0" encoding="utf-8"?>
<Project ToolsVersion="4.0" xmlns="http://schemas.microsoft.com/developer/msbuild/2003">
  <ItemGroup>
    <Filter Include="Source Files">
      <UniqueIdentifier>{73987b98-ba90-4bff-a2ec-d974a85b0a56}</UniqueIdentifier>
    </Filter>
    <Filter Include="Source Files\buckets">
      <UniqueIdentifier>{ac886e80-f475-424b-81b5-c83a4b861b68}</UniqueIdentifier>
    </Filter>
    <Filter Include="Source Files\crypto">
      <UniqueIdentifier>{154674e7-8936-4cb0-acd3-febbe39374c8}</UniqueIdentifier>
    </Filter>
    <Filter Include="Source Files\dbd">
      <UniqueIdentifier>{d0d44aa0-7abd-4e81-ae31-4d8d1133afe9}</UniqueIdentifier>
    </Filter>
    <Filter Include="Source Files\dbm">
      <UniqueIdentifier>{0eb5d25f-e245-488a-8fb9-dcf80df07963}</UniqueIdentifier>
    </Filter>
    <Filter Include="Source Files\encoding">
      <UniqueIdentifier>{bf3c8e25-f5c4-4375-8780-12828f2c4913}</UniqueIdentifier>
    </Filter>
    <Filter Include="Source Files\hooks">
      <UniqueIdentifier>{20d0e008-a836-4968-ad81-57c90bbebca0}</UniqueIdentifier>
    </Filter>
    <Filter Include="Source Files\ldap">
      <UniqueIdentifier>{2c7ced3c-1896-4eb7-8d4e-87a861860535}</UniqueIdentifier>
    </Filter>
    <Filter Include="Source Files\memcache">
      <UniqueIdentifier>{98a03152-6881-4278-9ece-424be77ba228}</UniqueIdentifier>
    </Filter>
    <Filter Include="Source Files\misc">
      <UniqueIdentifier>{50f8cc5a-5c78-4f78-9e28-7d96c1fe6cca}</UniqueIdentifier>
    </Filter>
    <Filter Include="Source Files\sdbm">
      <UniqueIdentifier>{e496cbeb-bd2c-4d36-9155-1fd1dda33542}</UniqueIdentifier>
    </Filter>
    <Filter Include="Source Files\strmatch">
      <UniqueIdentifier>{6b3cf6ff-287d-4861-a62e-d763019b8e47}</UniqueIdentifier>
    </Filter>
    <Filter Include="Source Files\uri">
      <UniqueIdentifier>{761572cd-c24d-4d28-8697-5e970e1cd5a6}</UniqueIdentifier>
    </Filter>
    <Filter Include="Source Files\xlate">
      <UniqueIdentifier>{62371d48-2a67-4e0f-8893-3c3e897abeed}</UniqueIdentifier>
    </Filter>
    <Filter Include="Source Files\xml">
      <UniqueIdentifier>{ca3ea55e-12f7-412d-9145-2dc5bb8e4c04}</UniqueIdentifier>
    </Filter>
    <Filter Include="Generated Files">
      <UniqueIdentifier>{8cd2a506-4771-492e-9a0f-e0c84210e480}</UniqueIdentifier>
    </Filter>
    <Filter Include="Public Header Files">
      <UniqueIdentifier>{cf936691-ebd0-467f-8291-9d561ee9de6b}</UniqueIdentifier>
    </Filter>
  </ItemGroup>
  <ItemGroup>
    <ClCompile Include="buckets\apr_brigade.c">
      <Filter>Source Files\buckets</Filter>
    </ClCompile>
    <ClCompile Include="buckets\apr_buckets.c">
      <Filter>Source Files\buckets</Filter>
    </ClCompile>
    <ClCompile Include="buckets\apr_buckets_alloc.c">
      <Filter>Source Files\buckets</Filter>
    </ClCompile>
    <ClCompile Include="buckets\apr_buckets_eos.c">
      <Filter>Source Files\buckets</Filter>
    </ClCompile>
    <ClCompile Include="buckets\apr_buckets_file.c">
      <Filter>Source Files\buckets</Filter>
    </ClCompile>
    <ClCompile Include="buckets\apr_buckets_flush.c">
      <Filter>Source Files\buckets</Filter>
    </ClCompile>
    <ClCompile Include="buckets\apr_buckets_heap.c">
      <Filter>Source Files\buckets</Filter>
    </ClCompile>
    <ClCompile Include="buckets\apr_buckets_mmap.c">
      <Filter>Source Files\buckets</Filter>
    </ClCompile>
    <ClCompile Include="buckets\apr_buckets_pipe.c">
      <Filter>Source Files\buckets</Filter>
    </ClCompile>
    <ClCompile Include="buckets\apr_buckets_pool.c">
      <Filter>Source Files\buckets</Filter>
    </ClCompile>
    <ClCompile Include="buckets\apr_buckets_refcount.c">
      <Filter>Source Files\buckets</Filter>
    </ClCompile>
    <ClCompile Include="buckets\apr_buckets_simple.c">
      <Filter>Source Files\buckets</Filter>
    </ClCompile>
    <ClCompile Include="buckets\apr_buckets_socket.c">
      <Filter>Source Files\buckets</Filter>
    </ClCompile>
    <ClCompile Include="crypto\apr_crypto.c">
      <Filter>Source Files\crypto</Filter>
    </ClCompile>
    <ClCompile Include="crypto\apr_md4.c">
      <Filter>Source Files\crypto</Filter>
    </ClCompile>
    <ClCompile Include="crypto\apr_md5.c">
      <Filter>Source Files\crypto</Filter>
    </ClCompile>
    <ClCompile Include="crypto\apr_passwd.c">
      <Filter>Source Files\crypto</Filter>
    </ClCompile>
    <ClCompile Include="crypto\apr_sha1.c">
      <Filter>Source Files\crypto</Filter>
    </ClCompile>
    <ClCompile Include="crypto\crypt_blowfish.c">
      <Filter>Source Files\crypto</Filter>
    </ClCompile>
    <ClCompile Include="crypto\getuuid.c">
      <Filter>Source Files\crypto</Filter>
    </ClCompile>
    <ClCompile Include="crypto\uuid.c">
      <Filter>Source Files\crypto</Filter>
    </ClCompile>
    <ClCompile Include="dbd\apr_dbd.c">
      <Filter>Source Files\dbd</Filter>
    </ClCompile>
    <ClCompile Include="dbd\apr_dbd_freetds.c">
      <Filter>Source Files\dbd</Filter>
    </ClCompile>
    <ClCompile Include="dbd\apr_dbd_mysql.c">
      <Filter>Source Files\dbd</Filter>
    </ClCompile>
    <ClCompile Include="dbd\apr_dbd_odbc.c">
      <Filter>Source Files\dbd</Filter>
    </ClCompile>
    <ClCompile Include="dbd\apr_dbd_oracle.c">
      <Filter>Source Files\dbd</Filter>
    </ClCompile>
    <ClCompile Include="dbd\apr_dbd_pgsql.c">
      <Filter>Source Files\dbd</Filter>
    </ClCompile>
    <ClCompile Include="dbd\apr_dbd_sqlite2.c">
      <Filter>Source Files\dbd</Filter>
    </ClCompile>
    <ClCompile Include="dbd\apr_dbd_sqlite3.c">
      <Filter>Source Files\dbd</Filter>
    </ClCompile>
    <ClCompile Include="dbm\apr_dbm.c">
      <Filter>Source Files\dbm</Filter>
    </ClCompile>
    <ClCompile Include="dbm\apr_dbm_berkeleydb.c">
      <Filter>Source Files\dbm</Filter>
    </ClCompile>
    <ClCompile Include="dbm\apr_dbm_gdbm.c">
      <Filter>Source Files\dbm</Filter>
    </ClCompile>
    <ClCompile Include="dbm\apr_dbm_sdbm.c">
      <Filter>Source Files\dbm</Filter>
    </ClCompile>
    <ClCompile Include="encoding\apr_base64.c">
      <Filter>Source Files\encoding</Filter>
    </ClCompile>
    <ClCompile Include="hooks\apr_hooks.c">
      <Filter>Source Files\hooks</Filter>
    </ClCompile>
    <ClCompile Include="ldap\apr_ldap_init.c">
      <Filter>Source Files\ldap</Filter>
    </ClCompile>
    <ClCompile Include="ldap\apr_ldap_option.c">
      <Filter>Source Files\ldap</Filter>
    </ClCompile>
    <ClCompile Include="ldap\apr_ldap_rebind.c">
      <Filter>Source Files\ldap</Filter>
    </ClCompile>
    <ClCompile Include="ldap\apr_ldap_stub.c">
      <Filter>Source Files\ldap</Filter>
    </ClCompile>
    <ClCompile Include="ldap\apr_ldap_url.c">
      <Filter>Source Files\ldap</Filter>
    </ClCompile>
    <ClCompile Include="memcache\apr_memcache.c">
      <Filter>Source Files\memcache</Filter>
    </ClCompile>
    <ClCompile Include="misc\apr_date.c">
      <Filter>Source Files\misc</Filter>
    </ClCompile>
    <ClCompile Include="misc\apr_queue.c">
      <Filter>Source Files\misc</Filter>
    </ClCompile>
    <ClCompile Include="misc\apr_reslist.c">
      <Filter>Source Files\misc</Filter>
    </ClCompile>
    <ClCompile Include="misc\apr_rmm.c">
      <Filter>Source Files\misc</Filter>
    </ClCompile>
    <ClCompile Include="misc\apr_thread_pool.c">
      <Filter>Source Files\misc</Filter>
    </ClCompile>
    <ClCompile Include="misc\apu_dso.c">
      <Filter>Source Files\misc</Filter>
    </ClCompile>
    <ClCompile Include="misc\apu_version.c">
      <Filter>Source Files\misc</Filter>
    </ClCompile>
    <ClCompile Include="dbm\sdbm\sdbm.c">
      <Filter>Source Files\sdbm</Filter>
    </ClCompile>
    <ClCompile Include="dbm\sdbm\sdbm_hash.c">
      <Filter>Source Files\sdbm</Filter>
    </ClCompile>
    <ClCompile Include="dbm\sdbm\sdbm_lock.c">
      <Filter>Source Files\sdbm</Filter>
    </ClCompile>
    <ClCompile Include="dbm\sdbm\sdbm_pair.c">
      <Filter>Source Files\sdbm</Filter>
    </ClCompile>
    <ClCompile Include="strmatch\apr_strmatch.c">
      <Filter>Source Files\strmatch</Filter>
    </ClCompile>
    <ClCompile Include="uri\apr_uri.c">
      <Filter>Source Files\uri</Filter>
    </ClCompile>
    <ClCompile Include="xlate\xlate.c">
      <Filter>Source Files\xlate</Filter>
    </ClCompile>
    <ClCompile Include="xml\apr_xml.c">
      <Filter>Source Files\xml</Filter>
    </ClCompile>
  </ItemGroup>
  <ItemGroup>
    <ClInclude Include="crypto\crypt_blowfish.h">
      <Filter>Source Files\crypto</Filter>
    </ClInclude>
    <ClInclude Include="dbm\sdbm\sdbm_pair.h">
      <Filter>Source Files\sdbm</Filter>
    </ClInclude>
    <ClInclude Include="dbm\sdbm\sdbm_private.h">
      <Filter>Source Files\sdbm</Filter>
    </ClInclude>
    <ClInclude Include="dbm\sdbm\sdbm_tune.h">
      <Filter>Source Files\sdbm</Filter>
    </ClInclude>
    <ClInclude Include="include\apr_anylock.h">
      <Filter>Public Header Files</Filter>
    </ClInclude>
    <ClInclude Include="include\apr_base64.h">
      <Filter>Public Header Files</Filter>
    </ClInclude>
    <ClInclude Include="include\apr_buckets.h">
      <Filter>Public Header Files</Filter>
    </ClInclude>
    <ClInclude Include="include\apr_date.h">
      <Filter>Public Header Files</Filter>
    </ClInclude>
    <ClInclude Include="include\apr_dbm.h">
      <Filter>Public Header Files</Filter>
    </ClInclude>
    <ClInclude Include="include\apr_hooks.h">
      <Filter>Public Header Files</Filter>
    </ClInclude>
    <ClInclude Include="include\apr_ldap_url.h">
      <Filter>Public Header Files</Filter>
    </ClInclude>
    <ClInclude Include="include\apr_md4.h">
      <Filter>Public Header Files</Filter>
    </ClInclude>
    <ClInclude Include="include\apr_md5.h">
      <Filter>Public Header Files</Filter>
    </ClInclude>
    <ClInclude Include="include\apr_memcache.h">
      <Filter>Public Header Files</Filter>
    </ClInclude>
    <ClInclude Include="include\apr_optional.h">
      <Filter>Public Header Files</Filter>
    </ClInclude>
    <ClInclude Include="include\apr_optional_hooks.h">
      <Filter>Public Header Files</Filter>
    </ClInclude>
    <ClInclude Include="include\apr_queue.h">
      <Filter>Public Header Files</Filter>
    </ClInclude>
    <ClInclude Include="include\apr_reslist.h">
      <Filter>Public Header Files</Filter>
    </ClInclude>
    <ClInclude Include="include\apr_rmm.h">
      <Filter>Public Header Files</Filter>
    </ClInclude>
    <ClInclude Include="include\apr_sdbm.h">
      <Filter>Public Header Files</Filter>
    </ClInclude>
    <ClInclude Include="include\apr_sha1.h">
      <Filter>Public Header Files</Filter>
    </ClInclude>
    <ClInclude Include="include\apr_strmatch.h">
      <Filter>Public Header Files</Filter>
    </ClInclude>
    <ClInclude Include="include\apr_thread_pool.h">
      <Filter>Public Header Files</Filter>
    </ClInclude>
    <ClInclude Include="include\apr_uri.h">
      <Filter>Public Header Files</Filter>
    </ClInclude>
    <ClInclude Include="include\apr_uuid.h">
      <Filter>Public Header Files</Filter>
    </ClInclude>
    <ClInclude Include="include\apr_xlate.h">
      <Filter>Public Header Files</Filter>
    </ClInclude>
    <ClInclude Include="include\apr_xml.h">
      <Filter>Public Header Files</Filter>
    </ClInclude>
    <ClInclude Include="include\apu_version.h">
      <Filter>Public Header Files</Filter>
    </ClInclude>
  </ItemGroup>
  <ItemGroup>
    <None Include="include\apr_ldap.h.in">
      <Filter>Generated Files</Filter>
    </None>
    <None Include="include\apr_ldap.hnw">
      <Filter>Generated Files</Filter>
    </None>
    <None Include="include\apu.h.in">
      <Filter>Generated Files</Filter>
    </None>
    <None Include="include\apu.hnw">
      <Filter>Generated Files</Filter>
    </None>
    <None Include="include\private\apu_config.h.in">
      <Filter>Generated Files</Filter>
    </None>
    <None Include="include\private\apu_select_dbm.h.in">
      <Filter>Generated Files</Filter>
    </None>
    <None Include="include\apu_want.h.in">
      <Filter>Generated Files</Filter>
    </None>
    <None Include="include\apu_want.hnw">
      <Filter>Generated Files</Filter>
    </None>
  </ItemGroup>
  <ItemGroup>
    <CustomBuild Include="include\apr_ldap.hw">
      <Filter>Generated Files</Filter>
    </CustomBuild>
    <CustomBuild Include="include\apu.hw">
      <Filter>Generated Files</Filter>
    </CustomBuild>
    <CustomBuild Include="include\private\apu_config.hw">
      <Filter>Generated Files</Filter>
    </CustomBuild>
    <CustomBuild Include="include\private\apu_select_dbm.hw">
      <Filter>Generated Files</Filter>
    </CustomBuild>
    <CustomBuild Include="include\apu_want.hw">
      <Filter>Generated Files</Filter>
    </CustomBuild>
  </ItemGroup>
</Project>