
Microsoft Visual Studio Solution File, Format Version 10.00
# Visual Studio 2008
Project("{8BC9CEB8-8B4A-11D0-8D11-00A0C91BC942}") = "cellapp", "cellapp.vcproj", "{CF469C2C-AB96-4E3C-8250-C1A2EA317EAD}"
EndProject
Global
	GlobalSection(SolutionConfigurationPlatforms) = preSolution
		Debug|Win32 = Debug|Win32
		Release|Win32 = Release|Win32
	EndGlobalSection
	GlobalSection(ProjectConfigurationPlatforms) = postSolution
		{CF469C2C-AB96-4E3C-8250-C1A2EA317EAD}.Debug|Win32.ActiveCfg = Debug|Win32
		{CF469C2C-AB96-4E3C-8250-C1A2EA317EAD}.Debug|Win32.Build.0 = Debug|Win32
		{CF469C2C-AB96-4E3C-8250-C1A2EA317EAD}.Release|Win32.ActiveCfg = Release|Win32
		{CF469C2C-AB96-4E3C-8250-C1A2EA317EAD}.Release|Win32.Build.0 = Release|Win32
	EndGlobalSection
	GlobalSection(SolutionProperties) = preSolution
		HideSolutionNode = FALSE
	EndGlobalSection
EndGlobal
