Microsoft Visual Studio Solution File, Format Version 10.00
# Visual Studio 2008
Project("{8BC9CEB8-8B4A-11D0-8D11-00A0C91BC942}") = "ALL_BUILD", "ALL_BUILD.vcproj", "{E57A87DD-50DA-414C-921F-C49DC9F1C8CA}"
	ProjectSection(ProjectDependencies) = postProject
		{32E48B49-F91F-4F62-830E-7F2F8F06C8DF} = {32E48B49-F91F-4F62-830E-7F2F8F06C8DF}
		{EBB6138E-9722-4CE6-B788-F9ED64CBB13A} = {EBB6138E-9722-4CE6-B788-F9ED64CBB13A}
	EndProjectSection
EndProject
Project("{8BC9CEB8-8B4A-11D0-8D11-00A0C91BC942}") = "INSTALL", "INSTALL.vcproj", "{5F0E43D5-FA98-4D5E-A337-7C32EC462191}"
	ProjectSection(ProjectDependencies) = postProject
		{E57A87DD-50DA-414C-921F-C49DC9F1C8CA} = {E57A87DD-50DA-414C-921F-C49DC9F1C8CA}
	EndProjectSection
EndProject
Project("{8BC9CEB8-8B4A-11D0-8D11-00A0C91BC942}") = "PACKAGE", "PACKAGE.vcproj", "{5566B343-7EFA-43CD-8B2F-23DF6B0EC99C}"
	ProjectSection(ProjectDependencies) = postProject
		{E57A87DD-50DA-414C-921F-C49DC9F1C8CA} = {E57A87DD-50DA-414C-921F-C49DC9F1C8CA}
	EndProjectSection
EndProject
Project("{8BC9CEB8-8B4A-11D0-8D11-00A0C91BC942}") = "PagedGeometry", "source\PagedGeometry.vcproj", "{32E48B49-F91F-4F62-830E-7F2F8F06C8DF}"
	ProjectSection(ProjectDependencies) = postProject
		{EBB6138E-9722-4CE6-B788-F9ED64CBB13A} = {EBB6138E-9722-4CE6-B788-F9ED64CBB13A}
	EndProjectSection
EndProject
Project("{8BC9CEB8-8B4A-11D0-8D11-00A0C91BC942}") = "ZERO_CHECK", "ZERO_CHECK.vcproj", "{EBB6138E-9722-4CE6-B788-F9ED64CBB13A}"
	ProjectSection(ProjectDependencies) = postProject
	EndProjectSection
EndProject
Global
	GlobalSection(SolutionConfigurationPlatforms) = preSolution
		Debug|Win32 = Debug|Win32
		Release|Win32 = Release|Win32
		MinSizeRel|Win32 = MinSizeRel|Win32
		RelWithDebInfo|Win32 = RelWithDebInfo|Win32
	EndGlobalSection
	GlobalSection(ProjectConfigurationPlatforms) = postSolution
		{E57A87DD-50DA-414C-921F-C49DC9F1C8CA}.Debug|Win32.ActiveCfg = Debug|Win32
		{E57A87DD-50DA-414C-921F-C49DC9F1C8CA}.Debug|Win32.Build.0 = Debug|Win32
		{E57A87DD-50DA-414C-921F-C49DC9F1C8CA}.Release|Win32.ActiveCfg = Release|Win32
		{E57A87DD-50DA-414C-921F-C49DC9F1C8CA}.Release|Win32.Build.0 = Release|Win32
		{E57A87DD-50DA-414C-921F-C49DC9F1C8CA}.MinSizeRel|Win32.ActiveCfg = MinSizeRel|Win32
		{E57A87DD-50DA-414C-921F-C49DC9F1C8CA}.MinSizeRel|Win32.Build.0 = MinSizeRel|Win32
		{E57A87DD-50DA-414C-921F-C49DC9F1C8CA}.RelWithDebInfo|Win32.ActiveCfg = RelWithDebInfo|Win32
		{E57A87DD-50DA-414C-921F-C49DC9F1C8CA}.RelWithDebInfo|Win32.Build.0 = RelWithDebInfo|Win32
		{5F0E43D5-FA98-4D5E-A337-7C32EC462191}.Debug|Win32.ActiveCfg = Debug|Win32
		{5F0E43D5-FA98-4D5E-A337-7C32EC462191}.Release|Win32.ActiveCfg = Release|Win32
		{5F0E43D5-FA98-4D5E-A337-7C32EC462191}.MinSizeRel|Win32.ActiveCfg = MinSizeRel|Win32
		{5F0E43D5-FA98-4D5E-A337-7C32EC462191}.RelWithDebInfo|Win32.ActiveCfg = RelWithDebInfo|Win32
		{5566B343-7EFA-43CD-8B2F-23DF6B0EC99C}.Debug|Win32.ActiveCfg = Debug|Win32
		{5566B343-7EFA-43CD-8B2F-23DF6B0EC99C}.Release|Win32.ActiveCfg = Release|Win32
		{5566B343-7EFA-43CD-8B2F-23DF6B0EC99C}.MinSizeRel|Win32.ActiveCfg = MinSizeRel|Win32
		{5566B343-7EFA-43CD-8B2F-23DF6B0EC99C}.RelWithDebInfo|Win32.ActiveCfg = RelWithDebInfo|Win32
		{32E48B49-F91F-4F62-830E-7F2F8F06C8DF}.Debug|Win32.ActiveCfg = Debug|Win32
		{32E48B49-F91F-4F62-830E-7F2F8F06C8DF}.Debug|Win32.Build.0 = Debug|Win32
		{32E48B49-F91F-4F62-830E-7F2F8F06C8DF}.Release|Win32.ActiveCfg = Release|Win32
		{32E48B49-F91F-4F62-830E-7F2F8F06C8DF}.Release|Win32.Build.0 = Release|Win32
		{32E48B49-F91F-4F62-830E-7F2F8F06C8DF}.MinSizeRel|Win32.ActiveCfg = MinSizeRel|Win32
		{32E48B49-F91F-4F62-830E-7F2F8F06C8DF}.MinSizeRel|Win32.Build.0 = MinSizeRel|Win32
		{32E48B49-F91F-4F62-830E-7F2F8F06C8DF}.RelWithDebInfo|Win32.ActiveCfg = RelWithDebInfo|Win32
		{32E48B49-F91F-4F62-830E-7F2F8F06C8DF}.RelWithDebInfo|Win32.Build.0 = RelWithDebInfo|Win32
		{EBB6138E-9722-4CE6-B788-F9ED64CBB13A}.Debug|Win32.ActiveCfg = Debug|Win32
		{EBB6138E-9722-4CE6-B788-F9ED64CBB13A}.Debug|Win32.Build.0 = Debug|Win32
		{EBB6138E-9722-4CE6-B788-F9ED64CBB13A}.Release|Win32.ActiveCfg = Release|Win32
		{EBB6138E-9722-4CE6-B788-F9ED64CBB13A}.Release|Win32.Build.0 = Release|Win32
		{EBB6138E-9722-4CE6-B788-F9ED64CBB13A}.MinSizeRel|Win32.ActiveCfg = MinSizeRel|Win32
		{EBB6138E-9722-4CE6-B788-F9ED64CBB13A}.MinSizeRel|Win32.Build.0 = MinSizeRel|Win32
		{EBB6138E-9722-4CE6-B788-F9ED64CBB13A}.RelWithDebInfo|Win32.ActiveCfg = RelWithDebInfo|Win32
		{EBB6138E-9722-4CE6-B788-F9ED64CBB13A}.RelWithDebInfo|Win32.Build.0 = RelWithDebInfo|Win32
	EndGlobalSection
	GlobalSection(ExtensibilityGlobals) = postSolution
	EndGlobalSection
	GlobalSection(ExtensibilityAddIns) = postSolution
	EndGlobalSection
EndGlobal
