
Microsoft Visual Studio Solution File, Format Version 10.00
# Visual Studio 2008
Project("{8BC9CEB8-8B4A-11D0-8D11-00A0C91BC942}") = "thread", "thread.vcproj", "{F67B2C56-D1B1-4EA7-B16E-EF8E7F1B6C5F}"
EndProject
Global
	GlobalSection(DPCodeReviewSolutionGUID) = preSolution
		DPCodeReviewSolutionGUID = {00000000-0000-0000-0000-000000000000}
	EndGlobalSection
	GlobalSection(SolutionConfigurationPlatforms) = preSolution
		Debug|Win32 = Debug|Win32
		Release|Win32 = Release|Win32
	EndGlobalSection
	GlobalSection(ProjectConfigurationPlatforms) = postSolution
		{F67B2C56-D1B1-4EA7-B16E-EF8E7F1B6C5F}.Debug|Win32.ActiveCfg = Debug|Win32
		{F67B2C56-D1B1-4EA7-B16E-EF8E7F1B6C5F}.Debug|Win32.Build.0 = Debug|Win32
		{F67B2C56-D1B1-4EA7-B16E-EF8E7F1B6C5F}.Release|Win32.ActiveCfg = Release|Win32
		{F67B2C56-D1B1-4EA7-B16E-EF8E7F1B6C5F}.Release|Win32.Build.0 = Release|Win32
	EndGlobalSection
	GlobalSection(SolutionProperties) = preSolution
		HideSolutionNode = FALSE
	EndGlobalSection
EndGlobal
