<?xml version="1.0" encoding="utf-8"?>
<Project ToolsVersion="4.0" xmlns="http://schemas.microsoft.com/developer/msbuild/2003">
  <ItemGroup>
    <Filter Include="Source Files">
      <UniqueIdentifier>{4FC737F1-C7A5-4376-A066-2A32D752A2FF}</UniqueIdentifier>
      <Extensions>cpp;c;cc;cxx;def;odl;idl;hpj;bat;asm;asmx</Extensions>
    </Filter>
    <Filter Include="Header Files">
      <UniqueIdentifier>{93995380-89BD-4b04-88EB-625FBE52EBFB}</UniqueIdentifier>
      <Extensions>h;hpp;hxx;hm;inl;inc;xsd</Extensions>
    </Filter>
    <Filter Include="Resource Files">
      <UniqueIdentifier>{67DA6AB6-F800-4c08-8B7A-83BB121AAD01}</UniqueIdentifier>
      <Extensions>rc;ico;cur;bmp;dlg;rc2;rct;bin;rgs;gif;jpg;jpeg;jpe;resx;tiff;tif;png;wav</Extensions>
    </Filter>
  </ItemGroup>
  <ItemGroup>
    <ClCompile Include="address.cpp">
      <Filter>Source Files</Filter>
    </ClCompile>
    <ClCompile Include="bundle.cpp">
      <Filter>Source Files</Filter>
    </ClCompile>
    <ClCompile Include="bundle_broadcast.cpp">
      <Filter>Source Files</Filter>
    </ClCompile>
    <ClCompile Include="channel.cpp">
      <Filter>Source Files</Filter>
    </ClCompile>
    <ClCompile Include="common.cpp">
      <Filter>Source Files</Filter>
    </ClCompile>
    <ClCompile Include="delayed_channels.cpp">
      <Filter>Source Files</Filter>
    </ClCompile>
    <ClCompile Include="encryption_filter.cpp">
      <Filter>Source Files</Filter>
    </ClCompile>
    <ClCompile Include="endpoint.cpp">
      <Filter>Source Files</Filter>
    </ClCompile>
    <ClCompile Include="error_reporter.cpp">
      <Filter>Source Files</Filter>
    </ClCompile>
    <ClCompile Include="event_dispatcher.cpp">
      <Filter>Source Files</Filter>
    </ClCompile>
    <ClCompile Include="event_poller.cpp">
      <Filter>Source Files</Filter>
    </ClCompile>
    <ClCompile Include="fixed_messages.cpp">
      <Filter>Source Files</Filter>
    </ClCompile>
    <ClCompile Include="html5_packet_filter.cpp">
      <Filter>Source Files</Filter>
    </ClCompile>
    <ClCompile Include="html5_packet_reader.cpp">
      <Filter>Source Files</Filter>
    </ClCompile>
    <ClCompile Include="interface_defs.cpp">
      <Filter>Source Files</Filter>
    </ClCompile>
    <ClCompile Include="listener_receiver.cpp">
      <Filter>Source Files</Filter>
    </ClCompile>
    <ClCompile Include="mercurystats.cpp">
      <Filter>Source Files</Filter>
    </ClCompile>
    <ClCompile Include="message_handler.cpp">
      <Filter>Source Files</Filter>
    </ClCompile>
    <ClCompile Include="network_interface.cpp">
      <Filter>Source Files</Filter>
    </ClCompile>
    <ClCompile Include="packet_filter.cpp">
      <Filter>Source Files</Filter>
    </ClCompile>
    <ClCompile Include="packet_reader.cpp">
      <Filter>Source Files</Filter>
    </ClCompile>
    <ClCompile Include="packet_receiver.cpp">
      <Filter>Source Files</Filter>
    </ClCompile>
    <ClCompile Include="packet_sender.cpp">
      <Filter>Source Files</Filter>
    </ClCompile>
    <ClCompile Include="tcp_packet.cpp">
      <Filter>Source Files</Filter>
    </ClCompile>
    <ClCompile Include="tcp_packet_receiver.cpp">
      <Filter>Source Files</Filter>
    </ClCompile>
    <ClCompile Include="udp_packet.cpp">
      <Filter>Source Files</Filter>
    </ClCompile>
    <ClCompile Include="udp_packet_receiver.cpp">
      <Filter>Source Files</Filter>
    </ClCompile>
    <ClCompile Include="websocket_protocol.cpp">
      <Filter>Source Files</Filter>
    </ClCompile>
  </ItemGroup>
  <ItemGroup>
    <ClInclude Include="address.hpp">
      <Filter>Header Files</Filter>
    </ClInclude>
    <ClInclude Include="bundle.hpp">
      <Filter>Header Files</Filter>
    </ClInclude>
    <ClInclude Include="bundle_broadcast.hpp">
      <Filter>Header Files</Filter>
    </ClInclude>
    <ClInclude Include="channel.hpp">
      <Filter>Header Files</Filter>
    </ClInclude>
    <ClInclude Include="circular_buffer.hpp">
      <Filter>Header Files</Filter>
    </ClInclude>
    <ClInclude Include="common.hpp">
      <Filter>Header Files</Filter>
    </ClInclude>
    <ClInclude Include="delayed_channels.hpp">
      <Filter>Header Files</Filter>
    </ClInclude>
    <ClInclude Include="encryption_filter.hpp">
      <Filter>Header Files</Filter>
    </ClInclude>
    <ClInclude Include="endpoint.hpp">
      <Filter>Header Files</Filter>
    </ClInclude>
    <ClInclude Include="error_reporter.hpp">
      <Filter>Header Files</Filter>
    </ClInclude>
    <ClInclude Include="event_dispatcher.hpp">
      <Filter>Header Files</Filter>
    </ClInclude>
    <ClInclude Include="event_poller.hpp">
      <Filter>Header Files</Filter>
    </ClInclude>
    <ClInclude Include="fixed_messages.hpp">
      <Filter>Header Files</Filter>
    </ClInclude>
    <ClInclude Include="html5_packet_filter.hpp">
      <Filter>Header Files</Filter>
    </ClInclude>
    <ClInclude Include="html5_packet_reader.hpp">
      <Filter>Header Files</Filter>
    </ClInclude>
    <ClInclude Include="http_utility.hpp">
      <Filter>Header Files</Filter>
    </ClInclude>
    <ClInclude Include="interface_defs.hpp">
      <Filter>Header Files</Filter>
    </ClInclude>
    <ClInclude Include="interfaces.hpp">
      <Filter>Header Files</Filter>
    </ClInclude>
    <ClInclude Include="listener_receiver.hpp">
      <Filter>Header Files</Filter>
    </ClInclude>
    <ClInclude Include="mercurystats.hpp">
      <Filter>Header Files</Filter>
    </ClInclude>
    <ClInclude Include="message_handler.hpp">
      <Filter>Header Files</Filter>
    </ClInclude>
    <ClInclude Include="network_interface.hpp">
      <Filter>Header Files</Filter>
    </ClInclude>
    <ClInclude Include="nub_exception.hpp">
      <Filter>Header Files</Filter>
    </ClInclude>
    <ClInclude Include="packet.hpp">
      <Filter>Header Files</Filter>
    </ClInclude>
    <ClInclude Include="packet_filter.hpp">
      <Filter>Header Files</Filter>
    </ClInclude>
    <ClInclude Include="packet_reader.hpp">
      <Filter>Header Files</Filter>
    </ClInclude>
    <ClInclude Include="packet_receiver.hpp">
      <Filter>Header Files</Filter>
    </ClInclude>
    <ClInclude Include="packet_sender.hpp">
      <Filter>Header Files</Filter>
    </ClInclude>
    <ClInclude Include="tcp_packet.hpp">
      <Filter>Header Files</Filter>
    </ClInclude>
    <ClInclude Include="tcp_packet_receiver.hpp">
      <Filter>Header Files</Filter>
    </ClInclude>
    <ClInclude Include="udp_packet.hpp">
      <Filter>Header Files</Filter>
    </ClInclude>
    <ClInclude Include="udp_packet_receiver.hpp">
      <Filter>Header Files</Filter>
    </ClInclude>
    <ClInclude Include="websocket_protocol.hpp">
      <Filter>Header Files</Filter>
    </ClInclude>
  </ItemGroup>
  <ItemGroup>
    <None Include="broadcast_handler.ipp" />
    <None Include="bundle.ipp" />
    <None Include="bundle_broadcast.ipp" />
    <None Include="channel.ipp" />
    <None Include="endpoint.ipp" />
    <None Include="error_reporter.ipp" />
    <None Include="event_dispatcher.ipp" />
    <None Include="listener_receiver.ipp" />
    <None Include="network_interface.ipp" />
    <None Include="packet_filter.ipp" />
    <None Include="packet_receiver.ipp" />
    <None Include="packet_sender.ipp" />
    <None Include="ReadMe.txt" />
    <None Include="tcp_packet.ipp" />
    <None Include="tcp_packet_receiver.ipp" />
    <None Include="udp_packet.ipp" />
    <None Include="udp_packet_receiver.ipp" />
  </ItemGroup>
</Project>