<?xml version="1.0" encoding="UTF-8"?><!--
 Licensed to the Apache Software Foundation (ASF) under one or more
 contributor license agreements.  See the NOTICE file distributed with
 this work for additional information regarding copyright ownership.
 The ASF licenses this file to You under the Apache License, Version 2.0
 (the "License"); you may not use this file except in compliance with
 the License.  You may obtain a copy of the License at

      http://www.apache.org/licenses/LICENSE-2.0

 Unless required by applicable law or agreed to in writing, software
 distributed under the License is distributed on an "AS IS" BASIS,
 WITHOUT WARRANTIES OR CONDITIONS OF ANY KIND, either express or implied.
 See the License for the specific language governing permissions and
 limitations under the License.
--><plist><dict><key>archiveVersion</key><string>1</string><key>classes</key><dict/><key>objectVersion</key><string>42</string><key>objects</key><dict><key>000000000000000000000138</key><dict><key>isa</key><string>PBXFileReference</string><key>name</key><string>absolutedateandtimefilter.cpp</string><key>path</key><string>../src/test/cpp/util/absolutedateandtimefilter.cpp</string><key>sourceTree</key><string>SOURCE_ROOT</string></dict><key>000000000000000000000139</key><dict><key>isa</key><string>PBXFileReference</string><key>name</key><string>absolutetimedateformattestcase.cpp</string><key>path</key><string>../src/test/cpp/helpers/absolutetimedateformattestcase.cpp</string><key>sourceTree</key><string>SOURCE_ROOT</string></dict><key>00000000000000000000013a</key><dict><key>isa</key><string>PBXFileReference</string><key>name</key><string>absolutetimefilter.cpp</string><key>path</key><string>../src/test/cpp/util/absolutetimefilter.cpp</string><key>sourceTree</key><string>SOURCE_ROOT</string></dict><key>00000000000000000000013b</key><dict><key>isa</key><string>PBXFileReference</string><key>name</key><string>abts.cpp</string><key>path</key><string>../src/test/cpp/abts.cpp</string><key>sourceTree</key><string>SOURCE_ROOT</string></dict><key>00000000000000000000013c</key><dict><key>isa</key><string>PBXFileReference</string><key>name</key><string>appenderskeletontestcase.cpp</string><key>path</key><string>../src/test/cpp/appenderskeletontestcase.cpp</string><key>sourceTree</key><string>SOURCE_ROOT</string></dict><key>00000000000000000000013d</key><dict><key>isa</key><string>PBXFileReference</string><key>name</key><string>asyncappendertestcase.cpp</string><key>path</key><string>../src/test/cpp/asyncappendertestcase.cpp</string><key>sourceTree</key><string>SOURCE_ROOT</string></dict><key>00000000000000000000013e</key><dict><key>isa</key><string>PBXFileReference</string><key>name</key><string>binarycompare.cpp</string><key>path</key><string>../src/test/cpp/util/binarycompare.cpp</string><key>sourceTree</key><string>SOURCE_ROOT</string></dict><key>00000000000000000000013f</key><dict><key>isa</key><string>PBXFileReference</string><key>name</key><string>cacheddateformattestcase.cpp</string><key>path</key><string>../src/test/cpp/helpers/cacheddateformattestcase.cpp</string><key>sourceTree</key><string>SOURCE_ROOT</string></dict><key>000000000000000000000140</key><dict><key>isa</key><string>PBXFileReference</string><key>name</key><string>charsetdecodertestcase.cpp</string><key>path</key><string>../src/test/cpp/helpers/charsetdecodertestcase.cpp</string><key>sourceTree</key><string>SOURCE_ROOT</string></dict><key>000000000000000000000141</key><dict><key>isa</key><string>PBXFileReference</string><key>name</key><string>charsetencodertestcase.cpp</string><key>path</key><string>../src/test/cpp/helpers/charsetencodertestcase.cpp</string><key>sourceTree</key><string>SOURCE_ROOT</string></dict><key>000000000000000000000142</key><dict><key>isa</key><string>PBXFileReference</string><key>name</key><string>compare.cpp</string><key>path</key><string>../src/test/cpp/util/compare.cpp</string><key>sourceTree</key><string>SOURCE_ROOT</string></dict><key>000000000000000000000143</key><dict><key>isa</key><string>PBXFileReference</string><key>name</key><string>consoleappendertestcase.cpp</string><key>path</key><string>../src/test/cpp/consoleappendertestcase.cpp</string><key>sourceTree</key><string>SOURCE_ROOT</string></dict><key>000000000000000000000144</key><dict><key>isa</key><string>PBXFileReference</string><key>name</key><string>controlfilter.cpp</string><key>path</key><string>../src/test/cpp/util/controlfilter.cpp</string><key>sourceTree</key><string>SOURCE_ROOT</string></dict><key>000000000000000000000145</key><dict><key>isa</key><string>PBXFileReference</string><key>name</key><string>customleveltestcase.cpp</string><key>path</key><string>../src/test/cpp/xml/customleveltestcase.cpp</string><key>sourceTree</key><string>SOURCE_ROOT</string></dict><key>000000000000000000000146</key><dict><key>isa</key><string>PBXFileReference</string><key>name</key><string>cyclicbuffertestcase.cpp</string><key>path</key><string>../src/test/cpp/helpers/cyclicbuffertestcase.cpp</string><key>sourceTree</key><string>SOURCE_ROOT</string></dict><key>000000000000000000000147</key><dict><key>isa</key><string>PBXFileReference</string><key>name</key><string>datetimedateformattestcase.cpp</string><key>path</key><string>../src/test/cpp/helpers/datetimedateformattestcase.cpp</string><key>sourceTree</key><string>SOURCE_ROOT</string></dict><key>000000000000000000000148</key><dict><key>isa</key><string>PBXFileReference</string><key>name</key><string>domtestcase.cpp</string><key>path</key><string>../src/test/cpp/xml/domtestcase.cpp</string><key>sourceTree</key><string>SOURCE_ROOT</string></dict><key>000000000000000000000149</key><dict><key>isa</key><string>PBXFileReference</string><key>name</key><string>encodingtest.cpp</string><key>path</key><string>../src/test/cpp/encodingtest.cpp</string><key>sourceTree</key><string>SOURCE_ROOT</string></dict><key>00000000000000000000014a</key><dict><key>isa</key><string>PBXFileReference</string><key>name</key><string>errorhandlertestcase.cpp</string><key>path</key><string>../src/test/cpp/varia/errorhandlertestcase.cpp</string><key>sourceTree</key><string>SOURCE_ROOT</string></dict><key>00000000000000000000014b</key><dict><key>isa</key><string>PBXFileReference</string><key>name</key><string>fileappendertest.cpp</string><key>path</key><string>../src/test/cpp/fileappendertest.cpp</string><key>sourceTree</key><string>SOURCE_ROOT</string></dict><key>00000000000000000000014c</key><dict><key>isa</key><string>PBXFileReference</string><key>name</key><string>fileappendertestcase.cpp</string><key>path</key><string>../src/test/cpp/fileappendertestcase.cpp</string><key>sourceTree</key><string>SOURCE_ROOT</string></dict><key>00000000000000000000014d</key><dict><key>isa</key><string>PBXFileReference</string><key>name</key><string>filenamefilter.cpp</string><key>path</key><string>../src/test/cpp/util/filenamefilter.cpp</string><key>sourceTree</key><string>SOURCE_ROOT</string></dict><key>00000000000000000000014e</key><dict><key>isa</key><string>PBXFileReference</string><key>name</key><string>filenamepatterntestcase.cpp</string><key>path</key><string>../src/test/cpp/rolling/filenamepatterntestcase.cpp</string><key>sourceTree</key><string>SOURCE_ROOT</string></dict><key>00000000000000000000014f</key><dict><key>isa</key><string>PBXFileReference</string><key>name</key><string>filetestcase.cpp</string><key>path</key><string>../src/test/cpp/filetestcase.cpp</string><key>sourceTree</key><string>SOURCE_ROOT</string></dict><key>000000000000000000000150</key><dict><key>isa</key><string>PBXFileReference</string><key>name</key><string>filterbasedrollingtest.cpp</string><key>path</key><string>../src/test/cpp/rolling/filterbasedrollingtest.cpp</string><key>sourceTree</key><string>SOURCE_ROOT</string></dict><key>000000000000000000000151</key><dict><key>isa</key><string>PBXFileReference</string><key>name</key><string>hierarchytest.cpp</string><key>path</key><string>../src/test/cpp/hierarchytest.cpp</string><key>sourceTree</key><string>SOURCE_ROOT</string></dict><key>000000000000000000000152</key><dict><key>isa</key><string>PBXFileReference</string><key>name</key><string>hierarchythresholdtestcase.cpp</string><key>path</key><string>../src/test/cpp/hierarchythresholdtestcase.cpp</string><key>sourceTree</key><string>SOURCE_ROOT</string></dict><key>000000000000000000000153</key><dict><key>isa</key><string>PBXFileReference</string><key>name</key><string>inetaddresstestcase.cpp</string><key>path</key><string>../src/test/cpp/helpers/inetaddresstestcase.cpp</string><key>sourceTree</key><string>SOURCE_ROOT</string></dict><key>000000000000000000000154</key><dict><key>isa</key><string>PBXFileReference</string><key>name</key><string>iso8601dateformattestcase.cpp</string><key>path</key><string>../src/test/cpp/helpers/iso8601dateformattestcase.cpp</string><key>sourceTree</key><string>SOURCE_ROOT</string></dict><key>000000000000000000000155</key><dict><key>isa</key><string>PBXFileReference</string><key>name</key><string>iso8601filter.cpp</string><key>path</key><string>../src/test/cpp/util/iso8601filter.cpp</string><key>sourceTree</key><string>SOURCE_ROOT</string></dict><key>000000000000000000000156</key><dict><key>isa</key><string>PBXFileReference</string><key>name</key><string>l7dtestcase.cpp</string><key>path</key><string>../src/test/cpp/l7dtestcase.cpp</string><key>sourceTree</key><string>SOURCE_ROOT</string></dict><key>000000000000000000000157</key><dict><key>isa</key><string>PBXFileReference</string><key>name</key><string>levelmatchfiltertestcase.cpp</string><key>path</key><string>../src/test/cpp/varia/levelmatchfiltertestcase.cpp</string><key>sourceTree</key><string>SOURCE_ROOT</string></dict><key>000000000000000000000158</key><dict><key>isa</key><string>PBXFileReference</string><key>name</key><string>levelrangefiltertestcase.cpp</string><key>path</key><string>../src/test/cpp/varia/levelrangefiltertestcase.cpp</string><key>sourceTree</key><string>SOURCE_ROOT</string></dict><key>000000000000000000000159</key><dict><key>isa</key><string>PBXFileReference</string><key>name</key><string>leveltestcase.cpp</string><key>path</key><string>../src/test/cpp/leveltestcase.cpp</string><key>sourceTree</key><string>SOURCE_ROOT</string></dict><key>00000000000000000000015a</key><dict><key>isa</key><string>PBXFileReference</string><key>name</key><string>linenumberfilter.cpp</string><key>path</key><string>../src/test/cpp/util/linenumberfilter.cpp</string><key>sourceTree</key><string>SOURCE_ROOT</string></dict><key>00000000000000000000015b</key><dict><key>isa</key><string>PBXFileReference</string><key>name</key><string>localechanger.cpp</string><key>path</key><string>../src/test/cpp/helpers/localechanger.cpp</string><key>sourceTree</key><string>SOURCE_ROOT</string></dict><key>00000000000000000000015c</key><dict><key>isa</key><string>PBXFileReference</string><key>name</key><string>loggertestcase.cpp</string><key>path</key><string>../src/test/cpp/loggertestcase.cpp</string><key>sourceTree</key><string>SOURCE_ROOT</string></dict><key>00000000000000000000015d</key><dict><key>isa</key><string>PBXFileReference</string><key>name</key><string>loggingeventtest.cpp</string><key>path</key><string>../src/test/cpp/spi/loggingeventtest.cpp</string><key>sourceTree</key><string>SOURCE_ROOT</string></dict><key>00000000000000000000015e</key><dict><key>isa</key><string>PBXFileReference</string><key>name</key><string>logunit.cpp</string><key>path</key><string>../src/test/cpp/logunit.cpp</string><key>sourceTree</key><string>SOURCE_ROOT</string></dict><key>00000000000000000000015f</key><dict><key>isa</key><string>PBXFileReference</string><key>name</key><string>manualrollingtest.cpp</string><key>path</key><string>../src/test/cpp/rolling/manualrollingtest.cpp</string><key>sourceTree</key><string>SOURCE_ROOT</string></dict><key>000000000000000000000160</key><dict><key>isa</key><string>PBXFileReference</string><key>name</key><string>messagebuffertest.cpp</string><key>path</key><string>../src/test/cpp/helpers/messagebuffertest.cpp</string><key>sourceTree</key><string>SOURCE_ROOT</string></dict><key>000000000000000000000161</key><dict><key>isa</key><string>PBXFileReference</string><key>name</key><string>minimumtestcase.cpp</string><key>path</key><string>../src/test/cpp/minimumtestcase.cpp</string><key>sourceTree</key><string>SOURCE_ROOT</string></dict><key>000000000000000000000162</key><dict><key>isa</key><string>PBXFileReference</string><key>name</key><string>ndctestcase.cpp</string><key>path</key><string>../src/test/cpp/ndctestcase.cpp</string><key>sourceTree</key><string>SOURCE_ROOT</string></dict><key>000000000000000000000163</key><dict><key>isa</key><string>PBXFileReference</string><key>name</key><string>nteventlogappendertestcase.cpp</string><key>path</key><string>../src/test/cpp/nt/nteventlogappendertestcase.cpp</string><key>sourceTree</key><string>SOURCE_ROOT</string></dict><key>000000000000000000000164</key><dict><key>isa</key><string>PBXFileReference</string><key>name</key><string>num343patternconverter.cpp</string><key>path</key><string>../src/test/cpp/pattern/num343patternconverter.cpp</string><key>sourceTree</key><string>SOURCE_ROOT</string></dict><key>000000000000000000000165</key><dict><key>isa</key><string>PBXFileReference</string><key>name</key><string>obsoletedailyrollingfileappendertest.cpp</string><key>path</key><string>../src/test/cpp/rolling/obsoletedailyrollingfileappendertest.cpp</string><key>sourceTree</key><string>SOURCE_ROOT</string></dict><key>000000000000000000000166</key><dict><key>isa</key><string>PBXFileReference</string><key>name</key><string>obsoleterollingfileappendertest.cpp</string><key>path</key><string>../src/test/cpp/rolling/obsoleterollingfileappendertest.cpp</string><key>sourceTree</key><string>SOURCE_ROOT</string></dict><key>000000000000000000000167</key><dict><key>isa</key><string>PBXFileReference</string><key>name</key><string>odbcappendertestcase.cpp</string><key>path</key><string>../src/test/cpp/db/odbcappendertestcase.cpp</string><key>sourceTree</key><string>SOURCE_ROOT</string></dict><key>000000000000000000000168</key><dict><key>isa</key><string>PBXFileReference</string><key>name</key><string>optionconvertertestcase.cpp</string><key>path</key><string>../src/test/cpp/helpers/optionconvertertestcase.cpp</string><key>sourceTree</key><string>SOURCE_ROOT</string></dict><key>000000000000000000000169</key><dict><key>isa</key><string>PBXFileReference</string><key>name</key><string>patternlayouttest.cpp</string><key>path</key><string>../src/test/cpp/patternlayouttest.cpp</string><key>sourceTree</key><string>SOURCE_ROOT</string></dict><key>00000000000000000000016a</key><dict><key>isa</key><string>PBXFileReference</string><key>name</key><string>patternparsertestcase.cpp</string><key>path</key><string>../src/test/cpp/pattern/patternparsertestcase.cpp</string><key>sourceTree</key><string>SOURCE_ROOT</string></dict><key>00000000000000000000016b</key><dict><key>isa</key><string>PBXFileReference</string><key>name</key><string>propertiestestcase.cpp</string><key>path</key><string>../src/test/cpp/helpers/propertiestestcase.cpp</string><key>sourceTree</key><string>SOURCE_ROOT</string></dict><key>00000000000000000000016c</key><dict><key>isa</key><string>PBXFileReference</string><key>name</key><string>propertyconfiguratortest.cpp</string><key>path</key><string>../src/test/cpp/propertyconfiguratortest.cpp</string><key>sourceTree</key><string>SOURCE_ROOT</string></dict><key>00000000000000000000016d</key><dict><key>isa</key><string>PBXFileReference</string><key>name</key><string>relativetimedateformattestcase.cpp</string><key>path</key><string>../src/test/cpp/helpers/relativetimedateformattestcase.cpp</string><key>sourceTree</key><string>SOURCE_ROOT</string></dict><key>00000000000000000000016e</key><dict><key>isa</key><string>PBXFileReference</string><key>name</key><string>relativetimefilter.cpp</string><key>path</key><string>../src/test/cpp/util/relativetimefilter.cpp</string><key>sourceTree</key><string>SOURCE_ROOT</string></dict><key>00000000000000000000016f</key><dict><key>isa</key><string>PBXFileReference</string><key>name</key><string>rollingfileappendertestcase.cpp</string><key>path</key><string>../src/test/cpp/rollingfileappendertestcase.cpp</string><key>sourceTree</key><string>SOURCE_ROOT</string></dict><key>000000000000000000000170</key><dict><key>isa</key><string>PBXFileReference</string><key>name</key><string>serializationtesthelper.cpp</string><key>path</key><string>../src/test/cpp/util/serializationtesthelper.cpp</string><key>sourceTree</key><string>SOURCE_ROOT</string></dict><key>000000000000000000000171</key><dict><key>isa</key><string>PBXFileReference</string><key>name</key><string>sizebasedrollingtest.cpp</string><key>path</key><string>../src/test/cpp/rolling/sizebasedrollingtest.cpp</string><key>sourceTree</key><string>SOURCE_ROOT</string></dict><key>000000000000000000000172</key><dict><key>isa</key><string>PBXFileReference</string><key>name</key><string>smtpappendertestcase.cpp</string><key>path</key><string>../src/test/cpp/net/smtpappendertestcase.cpp</string><key>sourceTree</key><string>SOURCE_ROOT</string></dict><key>000000000000000000000173</key><dict><key>isa</key><string>PBXFileReference</string><key>name</key><string>socketappendertestcase.cpp</string><key>path</key><string>../src/test/cpp/net/socketappendertestcase.cpp</string><key>sourceTree</key><string>SOURCE_ROOT</string></dict><key>000000000000000000000174</key><dict><key>isa</key><string>PBXFileReference</string><key>name</key><string>sockethubappendertestcase.cpp</string><key>path</key><string>../src/test/cpp/net/sockethubappendertestcase.cpp</string><key>sourceTree</key><string>SOURCE_ROOT</string></dict><key>000000000000000000000175</key><dict><key>isa</key><string>PBXFileReference</string><key>name</key><string>socketservertestcase.cpp</string><key>path</key><string>../src/test/cpp/net/socketservertestcase.cpp</string><key>sourceTree</key><string>SOURCE_ROOT</string></dict><key>000000000000000000000176</key><dict><key>isa</key><string>PBXFileReference</string><key>name</key><string>streamtestcase.cpp</string><key>path</key><string>../src/test/cpp/streamtestcase.cpp</string><key>sourceTree</key><string>SOURCE_ROOT</string></dict><key>000000000000000000000177</key><dict><key>isa</key><string>PBXFileReference</string><key>name</key><string>stringhelpertestcase.cpp</string><key>path</key><string>../src/test/cpp/helpers/stringhelpertestcase.cpp</string><key>sourceTree</key><string>SOURCE_ROOT</string></dict><key>000000000000000000000178</key><dict><key>isa</key><string>PBXFileReference</string><key>name</key><string>stringtokenizertestcase.cpp</string><key>path</key><string>../src/test/cpp/helpers/stringtokenizertestcase.cpp</string><key>sourceTree</key><string>SOURCE_ROOT</string></dict><key>000000000000000000000179</key><dict><key>isa</key><string>PBXFileReference</string><key>name</key><string>syslogappendertestcase.cpp</string><key>path</key><string>../src/test/cpp/net/syslogappendertestcase.cpp</string><key>sourceTree</key><string>SOURCE_ROOT</string></dict><key>00000000000000000000017a</key><dict><key>isa</key><string>PBXFileReference</string><key>name</key><string>syslogwritertest.cpp</string><key>path</key><string>../src/test/cpp/helpers/syslogwritertest.cpp</string><key>sourceTree</key><string>SOURCE_ROOT</string></dict><key>00000000000000000000017b</key><dict><key>isa</key><string>PBXFileReference</string><key>name</key><string>telnetappendertestcase.cpp</string><key>path</key><string>../src/test/cpp/net/telnetappendertestcase.cpp</string><key>sourceTree</key><string>SOURCE_ROOT</string></dict><key>00000000000000000000017c</key><dict><key>isa</key><string>PBXFileReference</string><key>name</key><string>testcase1.cpp</string><key>path</key><string>../src/test/cpp/defaultinit/testcase1.cpp</string><key>sourceTree</key><string>SOURCE_ROOT</string></dict><key>00000000000000000000017d</key><dict><key>isa</key><string>PBXFileReference</string><key>name</key><string>testcase2.cpp</string><key>path</key><string>../src/test/cpp/defaultinit/testcase2.cpp</string><key>sourceTree</key><string>SOURCE_ROOT</string></dict><key>00000000000000000000017e</key><dict><key>isa</key><string>PBXFileReference</string><key>name</key><string>testcase3.cpp</string><key>path</key><string>../src/test/cpp/defaultinit/testcase3.cpp</string><key>sourceTree</key><string>SOURCE_ROOT</string></dict><key>00000000000000000000017f</key><dict><key>isa</key><string>PBXFileReference</string><key>name</key><string>testcase4.cpp</string><key>path</key><string>../src/test/cpp/defaultinit/testcase4.cpp</string><key>sourceTree</key><string>SOURCE_ROOT</string></dict><key>000000000000000000000180</key><dict><key>isa</key><string>PBXFileReference</string><key>name</key><string>threadfilter.cpp</string><key>path</key><string>../src/test/cpp/util/threadfilter.cpp</string><key>sourceTree</key><string>SOURCE_ROOT</string></dict><key>000000000000000000000181</key><dict><key>isa</key><string>PBXFileReference</string><key>name</key><string>timebasedrollingtest.cpp</string><key>path</key><string>../src/test/cpp/rolling/timebasedrollingtest.cpp</string><key>sourceTree</key><string>SOURCE_ROOT</string></dict><key>000000000000000000000182</key><dict><key>isa</key><string>PBXFileReference</string><key>name</key><string>timezonetestcase.cpp</string><key>path</key><string>../src/test/cpp/helpers/timezonetestcase.cpp</string><key>sourceTree</key><string>SOURCE_ROOT</string></dict><key>000000000000000000000183</key><dict><key>isa</key><string>PBXFileReference</string><key>name</key><string>transcodertestcase.cpp</string><key>path</key><string>../src/test/cpp/helpers/transcodertestcase.cpp</string><key>sourceTree</key><string>SOURCE_ROOT</string></dict><key>000000000000000000000184</key><dict><key>isa</key><string>PBXFileReference</string><key>name</key><string>transformer.cpp</string><key>path</key><string>../src/test/cpp/util/transformer.cpp</string><key>sourceTree</key><string>SOURCE_ROOT</string></dict><key>000000000000000000000185</key><dict><key>isa</key><string>PBXFileReference</string><key>name</key><string>utilfilter.cpp</string><key>path</key><string>../src/test/cpp/util/utilfilter.cpp</string><key>sourceTree</key><string>SOURCE_ROOT</string></dict><key>000000000000000000000186</key><dict><key>isa</key><string>PBXFileReference</string><key>name</key><string>vectorappender.cpp</string><key>path</key><string>../src/test/cpp/vectorappender.cpp</string><key>sourceTree</key><string>SOURCE_ROOT</string></dict><key>000000000000000000000187</key><dict><key>isa</key><string>PBXFileReference</string><key>name</key><string>writerappendertestcase.cpp</string><key>path</key><string>../src/test/cpp/writerappendertestcase.cpp</string><key>sourceTree</key><string>SOURCE_ROOT</string></dict><key>000000000000000000000188</key><dict><key>isa</key><string>PBXFileReference</string><key>name</key><string>xlevel.cpp</string><key>path</key><string>../src/test/cpp/xml/xlevel.cpp</string><key>sourceTree</key><string>SOURCE_ROOT</string></dict><key>000000000000000000000189</key><dict><key>isa</key><string>PBXFileReference</string><key>name</key><string>xlogger.cpp</string><key>path</key><string>../src/test/cpp/customlogger/xlogger.cpp</string><key>sourceTree</key><string>SOURCE_ROOT</string></dict><key>00000000000000000000018a</key><dict><key>isa</key><string>PBXFileReference</string><key>name</key><string>xloggertestcase.cpp</string><key>path</key><string>../src/test/cpp/customlogger/xloggertestcase.cpp</string><key>sourceTree</key><string>SOURCE_ROOT</string></dict><key>00000000000000000000018b</key><dict><key>isa</key><string>PBXFileReference</string><key>name</key><string>xmlfilenamefilter.cpp</string><key>path</key><string>../src/test/cpp/util/xmlfilenamefilter.cpp</string><key>sourceTree</key><string>SOURCE_ROOT</string></dict><key>00000000000000000000018c</key><dict><key>isa</key><string>PBXFileReference</string><key>name</key><string>xmllayouttest.cpp</string><key>path</key><string>../src/test/cpp/xml/xmllayouttest.cpp</string><key>sourceTree</key><string>SOURCE_ROOT</string></dict><key>00000000000000000000018d</key><dict><key>isa</key><string>PBXFileReference</string><key>name</key><string>xmllayouttestcase.cpp</string><key>path</key><string>../src/test/cpp/xml/xmllayouttestcase.cpp</string><key>sourceTree</key><string>SOURCE_ROOT</string></dict><key>00000000000000000000018e</key><dict><key>isa</key><string>PBXFileReference</string><key>name</key><string>xmllineattributefilter.cpp</string><key>path</key><string>../src/test/cpp/util/xmllineattributefilter.cpp</string><key>sourceTree</key><string>SOURCE_ROOT</string></dict><key>00000000000000000000018f</key><dict><key>isa</key><string>PBXFileReference</string><key>name</key><string>xmlsocketappendertestcase.cpp</string><key>path</key><string>../src/test/cpp/net/xmlsocketappendertestcase.cpp</string><key>sourceTree</key><string>SOURCE_ROOT</string></dict><key>000000000000000000000190</key><dict><key>isa</key><string>PBXFileReference</string><key>name</key><string>xmlthreadfilter.cpp</string><key>path</key><string>../src/test/cpp/util/xmlthreadfilter.cpp</string><key>sourceTree</key><string>SOURCE_ROOT</string></dict><key>000000000000000000000191</key><dict><key>isa</key><string>PBXFileReference</string><key>name</key><string>xmltimestampfilter.cpp</string><key>path</key><string>../src/test/cpp/util/xmltimestampfilter.cpp</string><key>sourceTree</key><string>SOURCE_ROOT</string></dict><key>000000000000000000000192</key><dict><key>children</key><array><string>000000000000000000000138</string><string>000000000000000000000139</string><string>00000000000000000000013a</string><string>00000000000000000000013b</string><string>00000000000000000000013c</string><string>00000000000000000000013d</string><string>00000000000000000000013e</string><string>00000000000000000000013f</string><string>000000000000000000000140</string><string>000000000000000000000141</string><string>000000000000000000000142</string><string>000000000000000000000143</string><string>000000000000000000000144</string><string>000000000000000000000145</string><string>000000000000000000000146</string><string>000000000000000000000147</string><string>000000000000000000000148</string><string>000000000000000000000149</string><string>00000000000000000000014a</string><string>00000000000000000000014b</string><string>00000000000000000000014c</string><string>00000000000000000000014d</string><string>00000000000000000000014e</string><string>00000000000000000000014f</string><string>000000000000000000000150</string><string>000000000000000000000151</string><string>000000000000000000000152</string><string>000000000000000000000153</string><string>000000000000000000000154</string><string>000000000000000000000155</string><string>000000000000000000000156</string><string>000000000000000000000157</string><string>000000000000000000000158</string><string>000000000000000000000159</string><string>00000000000000000000015a</string><string>00000000000000000000015b</string><string>00000000000000000000015c</string><string>00000000000000000000015d</string><string>00000000000000000000015e</string><string>00000000000000000000015f</string><string>000000000000000000000160</string><string>000000000000000000000161</string><string>000000000000000000000162</string><string>000000000000000000000163</string><string>000000000000000000000164</string><string>000000000000000000000165</string><string>000000000000000000000166</string><string>000000000000000000000167</string><string>000000000000000000000168</string><string>000000000000000000000169</string><string>00000000000000000000016a</string><string>00000000000000000000016b</string><string>00000000000000000000016c</string><string>00000000000000000000016d</string><string>00000000000000000000016e</string><string>00000000000000000000016f</string><string>000000000000000000000170</string><string>000000000000000000000171</string><string>000000000000000000000172</string><string>000000000000000000000173</string><string>000000000000000000000174</string><string>000000000000000000000175</string><string>000000000000000000000176</string><string>000000000000000000000177</string><string>000000000000000000000178</string><string>000000000000000000000179</string><string>00000000000000000000017a</string><string>00000000000000000000017b</string><string>00000000000000000000017c</string><string>00000000000000000000017d</string><string>00000000000000000000017e</string><string>00000000000000000000017f</string><string>000000000000000000000180</string><string>000000000000000000000181</string><string>000000000000000000000182</string><string>000000000000000000000183</string><string>000000000000000000000184</string><string>000000000000000000000185</string><string>000000000000000000000186</string><string>000000000000000000000187</string><string>000000000000000000000188</string><string>000000000000000000000189</string><string>00000000000000000000018a</string><string>00000000000000000000018b</string><string>00000000000000000000018c</string><string>00000000000000000000018d</string><string>00000000000000000000018e</string><string>00000000000000000000018f</string><string>000000000000000000000190</string><string>000000000000000000000191</string></array><key>isa</key><string>PBXGroup</string><key>name</key><string>Source</string><key>sourceTree</key><string>&lt;source&gt;</string></dict><key>000000000000000000000193</key><dict><key>explicitFileType</key><string>compiled.mach-o.executable</string><key>includeInIndex</key><string>0</string><key>isa</key><string>PBXFileReference</string><key>name</key><string>testsuite</string><key>path</key><string>testsuite</string><key>sourceTree</key><string>BUILD_PRODUCTS_DIR</string></dict><key>000000000000000000000194</key><dict><key>children</key><array><string>000000000000000000000193</string></array><key>isa</key><string>PBXGroup</string><key>name</key><string>Products</string><key>sourceTree</key><string>&lt;source&gt;</string></dict><key>000000000000000000000195</key><dict><key>children</key><array/><key>isa</key><string>PBXGroup</string><key>name</key><string>Documentation</string><key>sourceTree</key><string>&lt;source&gt;</string></dict><key>000000000000000000000196</key><dict><key>children</key><array><string>000000000000000000000192</string><string>000000000000000000000195</string><string>000000000000000000000194</string><string>00000000000000000000019b</string></array><key>comments</key><string>
 Licensed to the Apache Software Foundation (ASF) under one or more
 contributor license agreements.  See the NOTICE file distributed with
 this work for additional information regarding copyright ownership.
 The ASF licenses this file to You under the Apache License, Version 2.0
 (the "License"); you may not use this file except in compliance with
 the License.  You may obtain a copy of the License at

      http://www.apache.org/licenses/LICENSE-2.0

 Unless required by applicable law or agreed to in writing, software
 distributed under the License is distributed on an "AS IS" BASIS,
 WITHOUT WARRANTIES OR CONDITIONS OF ANY KIND, either express or implied.
 See the License for the specific language governing permissions and
 limitations under the License.
</string><key>isa</key><string>PBXGroup</string><key>name</key><string>testsuite</string><key>sourceTree</key><string>&lt;source&gt;</string></dict><key>000000000000000000000197</key><dict><key>buildSettings</key><dict><key>GCC_WARN_ABOUT_RETURN_TYPE</key><string>YES</string><key>GCC_WARN_UNUSED_VARIABLE</key><string>YES</string><key>HEADER_SEARCH_PATHS</key><array><string>../src/main/include</string><string>/usr/include/apr-1</string><string>${inherited)</string></array><key>LIBRARY_SEARCH_PATHS</key><array><string>..</string></array><key>OTHER_LDFLAGS</key><array><string>-laprutil-1</string><string>-lapr-1</string><string>-lpthread</string><string>-lstdc++</string></array><key>PREBINDING</key><string>NO</string><key>SDKROOT</key><string>/Developer/SDKs/MacOSX10.5.sdk</string></dict><key>isa</key><string>XCBuildConfiguration</string><key>name</key><string>Debug</string></dict><key>000000000000000000000198</key><dict><key>buildSettings</key><dict><key>GCC_WARN_ABOUT_RETURN_TYPE</key><string>YES</string><key>GCC_WARN_UNUSED_VARIABLE</key><string>YES</string><key>HEADER_SEARCH_PATHS</key><array><string>../src/main/include</string><string>/usr/include/apr-1</string><string>${inherited)</string></array><key>LIBRARY_SEARCH_PATHS</key><array><string>..</string></array><key>OTHER_LDFLAGS</key><array><string>-laprutil-1</string><string>-lapr-1</string><string>-lpthread</string><string>-lstdc++</string></array><key>PREBINDING</key><string>NO</string><key>SDKROOT</key><string>/Developer/SDKs/MacOSX10.5.sdk</string></dict><key>isa</key><string>XCBuildConfiguration</string><key>name</key><string>Release</string></dict><key>000000000000000000000199</key><dict><key>buildConfigurations</key><array><string>000000000000000000000197</string><string>000000000000000000000198</string></array><key>defaultConfigurationIsVisible</key><string>0</string><key>defaultConfigurationName</key><string>Debug</string><key>isa</key><string>XCConfigurationList</string></dict><key>00000000000000000000019a</key><dict><key>ProjectReferences</key><array><dict><key>ProductGroup</key><string>00000000000000000000019f</string><key>ProjectRef</key><string>00000000000000000000019b</string></dict></array><key>buildConfigurationList</key><string>000000000000000000000199</string><key>hasScannedForEncodings</key><string>0</string><key>isa</key><string>PBXProject</string><key>mainGroup</key><string>000000000000000000000196</string><key>projectDirPath</key><string/><key>projectRoot</key><string>..</string><key>targets</key><array><string>000000000000000000000200</string></array></dict><key>00000000000000000000019b</key><dict><key>isa</key><string>PBXFileReference</string><key>name</key><string>log4cxx.xcodeproj</string><key>path</key><string>log4cxx.xcodeproj</string><key>sourceTree</key><string>SOURCE_ROOT</string></dict><key>00000000000000000000019c</key><dict><key>containerPortal</key><string>00000000000000000000019b</string><key>isa</key><string>PBXContainerItemProxy</string><key>proxyType</key><string>2</string><key>remoteInfo</key><string>log4cxx</string></dict><key>00000000000000000000019d</key><dict><key>fileType</key><string>compiled.mach-o.dylib</string><key>isa</key><string>PBXReferenceProxy</string><key>path</key><string>log4cxx.dylib</string><key>remoteRef</key><string>00000000000000000000019c</string><key>sourceTree</key><string>BUILT_PRODUCTS_DIR</string></dict><key>00000000000000000000019e</key><dict><key>fileRef</key><string>00000000000000000000019d</string><key>isa</key><string>PBXBuildFile</string><key>settings</key><dict/></dict><key>00000000000000000000019f</key><dict><key>children</key><array><string>00000000000000000000019d</string></array><key>isa</key><string>PBXGroup</string><key>name</key><string>Products</string><key>sourceTree</key><string>&lt;group&gt;</string></dict><key>0000000000000000000001a0</key><dict><key>buildSettings</key><dict><key>COPY_PHASE_STRIP</key><string>NO</string><key>GCC_DYNAMIC_NO_PIC</key><string>NO</string><key>GCC_ENABLE_FIX_AND_CONTINUE</key><string>YES</string><key>GCC_MODEL_TUNING</key><string>G5</string><key>GCC_OPTIMIZATION_LEVEL</key><string>0</string><key>INSTALL_PATH</key><string>$(HOME)/bin</string><key>PRODUCT_NAME</key><string>testsuite</string><key>ZERO_LINK</key><string>YES</string></dict><key>isa</key><string>XCBuildConfiguration</string><key>name</key><string>Debug</string></dict><key>0000000000000000000001a1</key><dict><key>buildSettings</key><dict><key>ARCHS</key><array><string>ppc</string><string>i386</string></array><key>GCC_GENERATE_DEBUGGING_SYMBOLS</key><string>NO</string><key>GCC_MODEL_TUNING</key><string>G5</string><key>INSTALL_PATH</key><string>$(HOME)/bin</string><key>PRODUCT_NAME</key><string>testsuite</string></dict><key>isa</key><string>XCBuildConfiguration</string><key>name</key><string>Release</string></dict><key>0000000000000000000001a2</key><dict><key>buildConfigurations</key><array><string>0000000000000000000001a0</string><string>0000000000000000000001a1</string></array><key>isa</key><string>XCConfigurationList</string></dict><key>0000000000000000000001a3</key><dict><key>fileRef</key><string>000000000000000000000138</string><key>isa</key><string>PBXBuildFile</string><key>settings</key><dict><key>ATTRIBUTES</key><array/></dict></dict><key>0000000000000000000001a4</key><dict><key>fileRef</key><string>000000000000000000000139</string><key>isa</key><string>PBXBuildFile</string><key>settings</key><dict><key>ATTRIBUTES</key><array/></dict></dict><key>0000000000000000000001a5</key><dict><key>fileRef</key><string>00000000000000000000013a</string><key>isa</key><string>PBXBuildFile</string><key>settings</key><dict><key>ATTRIBUTES</key><array/></dict></dict><key>0000000000000000000001a6</key><dict><key>fileRef</key><string>00000000000000000000013b</string><key>isa</key><string>PBXBuildFile</string><key>settings</key><dict><key>ATTRIBUTES</key><array/></dict></dict><key>0000000000000000000001a7</key><dict><key>fileRef</key><string>00000000000000000000013c</string><key>isa</key><string>PBXBuildFile</string><key>settings</key><dict><key>ATTRIBUTES</key><array/></dict></dict><key>0000000000000000000001a8</key><dict><key>fileRef</key><string>00000000000000000000013d</string><key>isa</key><string>PBXBuildFile</string><key>settings</key><dict><key>ATTRIBUTES</key><array/></dict></dict><key>0000000000000000000001a9</key><dict><key>fileRef</key><string>00000000000000000000013e</string><key>isa</key><string>PBXBuildFile</string><key>settings</key><dict><key>ATTRIBUTES</key><array/></dict></dict><key>0000000000000000000001aa</key><dict><key>fileRef</key><string>00000000000000000000013f</string><key>isa</key><string>PBXBuildFile</string><key>settings</key><dict><key>ATTRIBUTES</key><array/></dict></dict><key>0000000000000000000001ab</key><dict><key>fileRef</key><string>000000000000000000000140</string><key>isa</key><string>PBXBuildFile</string><key>settings</key><dict><key>ATTRIBUTES</key><array/></dict></dict><key>0000000000000000000001ac</key><dict><key>fileRef</key><string>000000000000000000000141</string><key>isa</key><string>PBXBuildFile</string><key>settings</key><dict><key>ATTRIBUTES</key><array/></dict></dict><key>0000000000000000000001ad</key><dict><key>fileRef</key><string>000000000000000000000142</string><key>isa</key><string>PBXBuildFile</string><key>settings</key><dict><key>ATTRIBUTES</key><array/></dict></dict><key>0000000000000000000001ae</key><dict><key>fileRef</key><string>000000000000000000000143</string><key>isa</key><string>PBXBuildFile</string><key>settings</key><dict><key>ATTRIBUTES</key><array/></dict></dict><key>0000000000000000000001af</key><dict><key>fileRef</key><string>000000000000000000000144</string><key>isa</key><string>PBXBuildFile</string><key>settings</key><dict><key>ATTRIBUTES</key><array/></dict></dict><key>0000000000000000000001b0</key><dict><key>fileRef</key><string>000000000000000000000145</string><key>isa</key><string>PBXBuildFile</string><key>settings</key><dict><key>ATTRIBUTES</key><array/></dict></dict><key>0000000000000000000001b1</key><dict><key>fileRef</key><string>000000000000000000000146</string><key>isa</key><string>PBXBuildFile</string><key>settings</key><dict><key>ATTRIBUTES</key><array/></dict></dict><key>0000000000000000000001b2</key><dict><key>fileRef</key><string>000000000000000000000147</string><key>isa</key><string>PBXBuildFile</string><key>settings</key><dict><key>ATTRIBUTES</key><array/></dict></dict><key>0000000000000000000001b3</key><dict><key>fileRef</key><string>000000000000000000000148</string><key>isa</key><string>PBXBuildFile</string><key>settings</key><dict><key>ATTRIBUTES</key><array/></dict></dict><key>0000000000000000000001b4</key><dict><key>fileRef</key><string>000000000000000000000149</string><key>isa</key><string>PBXBuildFile</string><key>settings</key><dict><key>ATTRIBUTES</key><array/></dict></dict><key>0000000000000000000001b5</key><dict><key>fileRef</key><string>00000000000000000000014a</string><key>isa</key><string>PBXBuildFile</string><key>settings</key><dict><key>ATTRIBUTES</key><array/></dict></dict><key>0000000000000000000001b6</key><dict><key>fileRef</key><string>00000000000000000000014b</string><key>isa</key><string>PBXBuildFile</string><key>settings</key><dict><key>ATTRIBUTES</key><array/></dict></dict><key>0000000000000000000001b7</key><dict><key>fileRef</key><string>00000000000000000000014c</string><key>isa</key><string>PBXBuildFile</string><key>settings</key><dict><key>ATTRIBUTES</key><array/></dict></dict><key>0000000000000000000001b8</key><dict><key>fileRef</key><string>00000000000000000000014d</string><key>isa</key><string>PBXBuildFile</string><key>settings</key><dict><key>ATTRIBUTES</key><array/></dict></dict><key>0000000000000000000001b9</key><dict><key>fileRef</key><string>00000000000000000000014e</string><key>isa</key><string>PBXBuildFile</string><key>settings</key><dict><key>ATTRIBUTES</key><array/></dict></dict><key>0000000000000000000001ba</key><dict><key>fileRef</key><string>00000000000000000000014f</string><key>isa</key><string>PBXBuildFile</string><key>settings</key><dict><key>ATTRIBUTES</key><array/></dict></dict><key>0000000000000000000001bb</key><dict><key>fileRef</key><string>000000000000000000000150</string><key>isa</key><string>PBXBuildFile</string><key>settings</key><dict><key>ATTRIBUTES</key><array/></dict></dict><key>0000000000000000000001bc</key><dict><key>fileRef</key><string>000000000000000000000151</string><key>isa</key><string>PBXBuildFile</string><key>settings</key><dict><key>ATTRIBUTES</key><array/></dict></dict><key>0000000000000000000001bd</key><dict><key>fileRef</key><string>000000000000000000000152</string><key>isa</key><string>PBXBuildFile</string><key>settings</key><dict><key>ATTRIBUTES</key><array/></dict></dict><key>0000000000000000000001be</key><dict><key>fileRef</key><string>000000000000000000000153</string><key>isa</key><string>PBXBuildFile</string><key>settings</key><dict><key>ATTRIBUTES</key><array/></dict></dict><key>0000000000000000000001bf</key><dict><key>fileRef</key><string>000000000000000000000154</string><key>isa</key><string>PBXBuildFile</string><key>settings</key><dict><key>ATTRIBUTES</key><array/></dict></dict><key>0000000000000000000001c0</key><dict><key>fileRef</key><string>000000000000000000000155</string><key>isa</key><string>PBXBuildFile</string><key>settings</key><dict><key>ATTRIBUTES</key><array/></dict></dict><key>0000000000000000000001c1</key><dict><key>fileRef</key><string>000000000000000000000156</string><key>isa</key><string>PBXBuildFile</string><key>settings</key><dict><key>ATTRIBUTES</key><array/></dict></dict><key>0000000000000000000001c2</key><dict><key>fileRef</key><string>000000000000000000000157</string><key>isa</key><string>PBXBuildFile</string><key>settings</key><dict><key>ATTRIBUTES</key><array/></dict></dict><key>0000000000000000000001c3</key><dict><key>fileRef</key><string>000000000000000000000158</string><key>isa</key><string>PBXBuildFile</string><key>settings</key><dict><key>ATTRIBUTES</key><array/></dict></dict><key>0000000000000000000001c4</key><dict><key>fileRef</key><string>000000000000000000000159</string><key>isa</key><string>PBXBuildFile</string><key>settings</key><dict><key>ATTRIBUTES</key><array/></dict></dict><key>0000000000000000000001c5</key><dict><key>fileRef</key><string>00000000000000000000015a</string><key>isa</key><string>PBXBuildFile</string><key>settings</key><dict><key>ATTRIBUTES</key><array/></dict></dict><key>0000000000000000000001c6</key><dict><key>fileRef</key><string>00000000000000000000015b</string><key>isa</key><string>PBXBuildFile</string><key>settings</key><dict><key>ATTRIBUTES</key><array/></dict></dict><key>0000000000000000000001c7</key><dict><key>fileRef</key><string>00000000000000000000015c</string><key>isa</key><string>PBXBuildFile</string><key>settings</key><dict><key>ATTRIBUTES</key><array/></dict></dict><key>0000000000000000000001c8</key><dict><key>fileRef</key><string>00000000000000000000015d</string><key>isa</key><string>PBXBuildFile</string><key>settings</key><dict><key>ATTRIBUTES</key><array/></dict></dict><key>0000000000000000000001c9</key><dict><key>fileRef</key><string>00000000000000000000015e</string><key>isa</key><string>PBXBuildFile</string><key>settings</key><dict><key>ATTRIBUTES</key><array/></dict></dict><key>0000000000000000000001ca</key><dict><key>fileRef</key><string>00000000000000000000015f</string><key>isa</key><string>PBXBuildFile</string><key>settings</key><dict><key>ATTRIBUTES</key><array/></dict></dict><key>0000000000000000000001cb</key><dict><key>fileRef</key><string>000000000000000000000160</string><key>isa</key><string>PBXBuildFile</string><key>settings</key><dict><key>ATTRIBUTES</key><array/></dict></dict><key>0000000000000000000001cc</key><dict><key>fileRef</key><string>000000000000000000000161</string><key>isa</key><string>PBXBuildFile</string><key>settings</key><dict><key>ATTRIBUTES</key><array/></dict></dict><key>0000000000000000000001cd</key><dict><key>fileRef</key><string>000000000000000000000162</string><key>isa</key><string>PBXBuildFile</string><key>settings</key><dict><key>ATTRIBUTES</key><array/></dict></dict><key>0000000000000000000001ce</key><dict><key>fileRef</key><string>000000000000000000000163</string><key>isa</key><string>PBXBuildFile</string><key>settings</key><dict><key>ATTRIBUTES</key><array/></dict></dict><key>0000000000000000000001cf</key><dict><key>fileRef</key><string>000000000000000000000164</string><key>isa</key><string>PBXBuildFile</string><key>settings</key><dict><key>ATTRIBUTES</key><array/></dict></dict><key>0000000000000000000001d0</key><dict><key>fileRef</key><string>000000000000000000000165</string><key>isa</key><string>PBXBuildFile</string><key>settings</key><dict><key>ATTRIBUTES</key><array/></dict></dict><key>0000000000000000000001d1</key><dict><key>fileRef</key><string>000000000000000000000166</string><key>isa</key><string>PBXBuildFile</string><key>settings</key><dict><key>ATTRIBUTES</key><array/></dict></dict><key>0000000000000000000001d2</key><dict><key>fileRef</key><string>000000000000000000000167</string><key>isa</key><string>PBXBuildFile</string><key>settings</key><dict><key>ATTRIBUTES</key><array/></dict></dict><key>0000000000000000000001d3</key><dict><key>fileRef</key><string>000000000000000000000168</string><key>isa</key><string>PBXBuildFile</string><key>settings</key><dict><key>ATTRIBUTES</key><array/></dict></dict><key>0000000000000000000001d4</key><dict><key>fileRef</key><string>000000000000000000000169</string><key>isa</key><string>PBXBuildFile</string><key>settings</key><dict><key>ATTRIBUTES</key><array/></dict></dict><key>0000000000000000000001d5</key><dict><key>fileRef</key><string>00000000000000000000016a</string><key>isa</key><string>PBXBuildFile</string><key>settings</key><dict><key>ATTRIBUTES</key><array/></dict></dict><key>0000000000000000000001d6</key><dict><key>fileRef</key><string>00000000000000000000016b</string><key>isa</key><string>PBXBuildFile</string><key>settings</key><dict><key>ATTRIBUTES</key><array/></dict></dict><key>0000000000000000000001d7</key><dict><key>fileRef</key><string>00000000000000000000016c</string><key>isa</key><string>PBXBuildFile</string><key>settings</key><dict><key>ATTRIBUTES</key><array/></dict></dict><key>0000000000000000000001d8</key><dict><key>fileRef</key><string>00000000000000000000016d</string><key>isa</key><string>PBXBuildFile</string><key>settings</key><dict><key>ATTRIBUTES</key><array/></dict></dict><key>0000000000000000000001d9</key><dict><key>fileRef</key><string>00000000000000000000016e</string><key>isa</key><string>PBXBuildFile</string><key>settings</key><dict><key>ATTRIBUTES</key><array/></dict></dict><key>0000000000000000000001da</key><dict><key>fileRef</key><string>00000000000000000000016f</string><key>isa</key><string>PBXBuildFile</string><key>settings</key><dict><key>ATTRIBUTES</key><array/></dict></dict><key>0000000000000000000001db</key><dict><key>fileRef</key><string>000000000000000000000170</string><key>isa</key><string>PBXBuildFile</string><key>settings</key><dict><key>ATTRIBUTES</key><array/></dict></dict><key>0000000000000000000001dc</key><dict><key>fileRef</key><string>000000000000000000000171</string><key>isa</key><string>PBXBuildFile</string><key>settings</key><dict><key>ATTRIBUTES</key><array/></dict></dict><key>0000000000000000000001dd</key><dict><key>fileRef</key><string>000000000000000000000172</string><key>isa</key><string>PBXBuildFile</string><key>settings</key><dict><key>ATTRIBUTES</key><array/></dict></dict><key>0000000000000000000001de</key><dict><key>fileRef</key><string>000000000000000000000173</string><key>isa</key><string>PBXBuildFile</string><key>settings</key><dict><key>ATTRIBUTES</key><array/></dict></dict><key>0000000000000000000001df</key><dict><key>fileRef</key><string>000000000000000000000174</string><key>isa</key><string>PBXBuildFile</string><key>settings</key><dict><key>ATTRIBUTES</key><array/></dict></dict><key>0000000000000000000001e0</key><dict><key>fileRef</key><string>000000000000000000000175</string><key>isa</key><string>PBXBuildFile</string><key>settings</key><dict><key>ATTRIBUTES</key><array/></dict></dict><key>0000000000000000000001e1</key><dict><key>fileRef</key><string>000000000000000000000176</string><key>isa</key><string>PBXBuildFile</string><key>settings</key><dict><key>ATTRIBUTES</key><array/></dict></dict><key>0000000000000000000001e2</key><dict><key>fileRef</key><string>000000000000000000000177</string><key>isa</key><string>PBXBuildFile</string><key>settings</key><dict><key>ATTRIBUTES</key><array/></dict></dict><key>0000000000000000000001e3</key><dict><key>fileRef</key><string>000000000000000000000178</string><key>isa</key><string>PBXBuildFile</string><key>settings</key><dict><key>ATTRIBUTES</key><array/></dict></dict><key>0000000000000000000001e4</key><dict><key>fileRef</key><string>000000000000000000000179</string><key>isa</key><string>PBXBuildFile</string><key>settings</key><dict><key>ATTRIBUTES</key><array/></dict></dict><key>0000000000000000000001e5</key><dict><key>fileRef</key><string>00000000000000000000017a</string><key>isa</key><string>PBXBuildFile</string><key>settings</key><dict><key>ATTRIBUTES</key><array/></dict></dict><key>0000000000000000000001e6</key><dict><key>fileRef</key><string>00000000000000000000017b</string><key>isa</key><string>PBXBuildFile</string><key>settings</key><dict><key>ATTRIBUTES</key><array/></dict></dict><key>0000000000000000000001e7</key><dict><key>fileRef</key><string>00000000000000000000017c</string><key>isa</key><string>PBXBuildFile</string><key>settings</key><dict><key>ATTRIBUTES</key><array/></dict></dict><key>0000000000000000000001e8</key><dict><key>fileRef</key><string>00000000000000000000017d</string><key>isa</key><string>PBXBuildFile</string><key>settings</key><dict><key>ATTRIBUTES</key><array/></dict></dict><key>0000000000000000000001e9</key><dict><key>fileRef</key><string>00000000000000000000017e</string><key>isa</key><string>PBXBuildFile</string><key>settings</key><dict><key>ATTRIBUTES</key><array/></dict></dict><key>0000000000000000000001ea</key><dict><key>fileRef</key><string>00000000000000000000017f</string><key>isa</key><string>PBXBuildFile</string><key>settings</key><dict><key>ATTRIBUTES</key><array/></dict></dict><key>0000000000000000000001eb</key><dict><key>fileRef</key><string>000000000000000000000180</string><key>isa</key><string>PBXBuildFile</string><key>settings</key><dict><key>ATTRIBUTES</key><array/></dict></dict><key>0000000000000000000001ec</key><dict><key>fileRef</key><string>000000000000000000000181</string><key>isa</key><string>PBXBuildFile</string><key>settings</key><dict><key>ATTRIBUTES</key><array/></dict></dict><key>0000000000000000000001ed</key><dict><key>fileRef</key><string>000000000000000000000182</string><key>isa</key><string>PBXBuildFile</string><key>settings</key><dict><key>ATTRIBUTES</key><array/></dict></dict><key>0000000000000000000001ee</key><dict><key>fileRef</key><string>000000000000000000000183</string><key>isa</key><string>PBXBuildFile</string><key>settings</key><dict><key>ATTRIBUTES</key><array/></dict></dict><key>0000000000000000000001ef</key><dict><key>fileRef</key><string>000000000000000000000184</string><key>isa</key><string>PBXBuildFile</string><key>settings</key><dict><key>ATTRIBUTES</key><array/></dict></dict><key>0000000000000000000001f0</key><dict><key>fileRef</key><string>000000000000000000000185</string><key>isa</key><string>PBXBuildFile</string><key>settings</key><dict><key>ATTRIBUTES</key><array/></dict></dict><key>0000000000000000000001f1</key><dict><key>fileRef</key><string>000000000000000000000186</string><key>isa</key><string>PBXBuildFile</string><key>settings</key><dict><key>ATTRIBUTES</key><array/></dict></dict><key>0000000000000000000001f2</key><dict><key>fileRef</key><string>000000000000000000000187</string><key>isa</key><string>PBXBuildFile</string><key>settings</key><dict><key>ATTRIBUTES</key><array/></dict></dict><key>0000000000000000000001f3</key><dict><key>fileRef</key><string>000000000000000000000188</string><key>isa</key><string>PBXBuildFile</string><key>settings</key><dict><key>ATTRIBUTES</key><array/></dict></dict><key>0000000000000000000001f4</key><dict><key>fileRef</key><string>000000000000000000000189</string><key>isa</key><string>PBXBuildFile</string><key>settings</key><dict><key>ATTRIBUTES</key><array/></dict></dict><key>0000000000000000000001f5</key><dict><key>fileRef</key><string>00000000000000000000018a</string><key>isa</key><string>PBXBuildFile</string><key>settings</key><dict><key>ATTRIBUTES</key><array/></dict></dict><key>0000000000000000000001f6</key><dict><key>fileRef</key><string>00000000000000000000018b</string><key>isa</key><string>PBXBuildFile</string><key>settings</key><dict><key>ATTRIBUTES</key><array/></dict></dict><key>0000000000000000000001f7</key><dict><key>fileRef</key><string>00000000000000000000018c</string><key>isa</key><string>PBXBuildFile</string><key>settings</key><dict><key>ATTRIBUTES</key><array/></dict></dict><key>0000000000000000000001f8</key><dict><key>fileRef</key><string>00000000000000000000018d</string><key>isa</key><string>PBXBuildFile</string><key>settings</key><dict><key>ATTRIBUTES</key><array/></dict></dict><key>0000000000000000000001f9</key><dict><key>fileRef</key><string>00000000000000000000018e</string><key>isa</key><string>PBXBuildFile</string><key>settings</key><dict><key>ATTRIBUTES</key><array/></dict></dict><key>0000000000000000000001fa</key><dict><key>fileRef</key><string>00000000000000000000018f</string><key>isa</key><string>PBXBuildFile</string><key>settings</key><dict><key>ATTRIBUTES</key><array/></dict></dict><key>0000000000000000000001fb</key><dict><key>fileRef</key><string>000000000000000000000190</string><key>isa</key><string>PBXBuildFile</string><key>settings</key><dict><key>ATTRIBUTES</key><array/></dict></dict><key>0000000000000000000001fc</key><dict><key>fileRef</key><string>000000000000000000000191</string><key>isa</key><string>PBXBuildFile</string><key>settings</key><dict><key>ATTRIBUTES</key><array/></dict></dict><key>0000000000000000000001fd</key><dict><key>buildActionMask</key><string>2147483647</string><key>files</key><array><string>0000000000000000000001a3</string><string>0000000000000000000001a4</string><string>0000000000000000000001a5</string><string>0000000000000000000001a6</string><string>0000000000000000000001a7</string><string>0000000000000000000001a8</string><string>0000000000000000000001a9</string><string>0000000000000000000001aa</string><string>0000000000000000000001ab</string><string>0000000000000000000001ac</string><string>0000000000000000000001ad</string><string>0000000000000000000001ae</string><string>0000000000000000000001af</string><string>0000000000000000000001b0</string><string>0000000000000000000001b1</string><string>0000000000000000000001b2</string><string>0000000000000000000001b3</string><string>0000000000000000000001b4</string><string>0000000000000000000001b5</string><string>0000000000000000000001b6</string><string>0000000000000000000001b7</string><string>0000000000000000000001b8</string><string>0000000000000000000001b9</string><string>0000000000000000000001ba</string><string>0000000000000000000001bb</string><string>0000000000000000000001bc</string><string>0000000000000000000001bd</string><string>0000000000000000000001be</string><string>0000000000000000000001bf</string><string>0000000000000000000001c0</string><string>0000000000000000000001c1</string><string>0000000000000000000001c2</string><string>0000000000000000000001c3</string><string>0000000000000000000001c4</string><string>0000000000000000000001c5</string><string>0000000000000000000001c6</string><string>0000000000000000000001c7</string><string>0000000000000000000001c8</string><string>0000000000000000000001c9</string><string>0000000000000000000001ca</string><string>0000000000000000000001cb</string><string>0000000000000000000001cc</string><string>0000000000000000000001cd</string><string>0000000000000000000001ce</string><string>0000000000000000000001cf</string><string>0000000000000000000001d0</string><string>0000000000000000000001d1</string><string>0000000000000000000001d2</string><string>0000000000000000000001d3</string><string>0000000000000000000001d4</string><string>0000000000000000000001d5</string><string>0000000000000000000001d6</string><string>0000000000000000000001d7</string><string>0000000000000000000001d8</string><string>0000000000000000000001d9</string><string>0000000000000000000001da</string><string>0000000000000000000001db</string><string>0000000000000000000001dc</string><string>0000000000000000000001dd</string><string>0000000000000000000001de</string><string>0000000000000000000001df</string><string>0000000000000000000001e0</string><string>0000000000000000000001e1</string><string>0000000000000000000001e2</string><string>0000000000000000000001e3</string><string>0000000000000000000001e4</string><string>0000000000000000000001e5</string><string>0000000000000000000001e6</string><string>0000000000000000000001e7</string><string>0000000000000000000001e8</string><string>0000000000000000000001e9</string><string>0000000000000000000001ea</string><string>0000000000000000000001eb</string><string>0000000000000000000001ec</string><string>0000000000000000000001ed</string><string>0000000000000000000001ee</string><string>0000000000000000000001ef</string><string>0000000000000000000001f0</string><string>0000000000000000000001f1</string><string>0000000000000000000001f2</string><string>0000000000000000000001f3</string><string>0000000000000000000001f4</string><string>0000000000000000000001f5</string><string>0000000000000000000001f6</string><string>0000000000000000000001f7</string><string>0000000000000000000001f8</string><string>0000000000000000000001f9</string><string>0000000000000000000001fa</string><string>0000000000000000000001fb</string><string>0000000000000000000001fc</string></array><key>isa</key><string>PBXSourcesBuildPhase</string><key>runOnlyForDeploymentPostprocessing</key><string>0</string></dict><key>0000000000000000000001fe</key><dict><key>buildActionMask</key><string>8</string><key>files</key><array><string>00000000000000000000019e</string></array><key>isa</key><string>PBXFrameworksBuildPhase</string><key>runOnlyForDeploymentPostprocessing</key><string>0</string></dict><key>0000000000000000000001ff</key><dict><key>buildActionMask</key><string>8</string><key>dstPath</key><string>/usr/share/man/man1</string><key>dstSubfolderSpec</key><string>0</string><key>files</key><array/><key>isa</key><string>PBXCopyFilesBuildPhase</string><key>runOnlyForDeploymentPostprocessing</key><string>1</string></dict><key>000000000000000000000200</key><dict><key>buildConfigurationList</key><string>0000000000000000000001a2</string><key>buildPhases</key><array><string>0000000000000000000001fd</string><string>0000000000000000000001fe</string><string>0000000000000000000001ff</string></array><key>buildRules</key><array/><key>dependencies</key><array/><key>isa</key><string>PBXNativeTarget</string><key>name</key><string>testsuite</string><key>productInstallPath</key><string>$(HOME)/bin</string><key>productName</key><string>testsuite</string><key>productReference</key><string>000000000000000000000193</string><key>productType</key><string>com.apple.product-type.tool</string></dict></dict><key>rootObject</key><string>00000000000000000000019a</string></dict></plist>