<?xml version="1.0" encoding="utf-8"?>
<Project ToolsVersion="4.0" xmlns="http://schemas.microsoft.com/developer/msbuild/2003">
  <ItemGroup>
    <Filter Include="Source Files">
      <UniqueIdentifier>{4FC737F1-C7A5-4376-A066-2A32D752A2FF}</UniqueIdentifier>
      <Extensions>cpp;c;cc;cxx;def;odl;idl;hpj;bat;asm;asmx</Extensions>
    </Filter>
    <Filter Include="Source Files\ssl">
      <UniqueIdentifier>{3a8e730c-f496-4bc8-b959-bc9123cb0b13}</UniqueIdentifier>
    </Filter>
    <Filter Include="Header Files">
      <UniqueIdentifier>{93995380-89BD-4b04-88EB-625FBE52EBFB}</UniqueIdentifier>
      <Extensions>h;hpp;hxx;hm;inl;inc;xsd</Extensions>
    </Filter>
    <Filter Include="Header Files\crypto">
      <UniqueIdentifier>{a7111e20-c0f9-443b-98c6-14d671800199}</UniqueIdentifier>
    </Filter>
    <Filter Include="Header Files\crypto\evp">
      <UniqueIdentifier>{1737724f-2cd0-4d34-8674-1e51f3a0228c}</UniqueIdentifier>
    </Filter>
    <Filter Include="Resource Files">
      <UniqueIdentifier>{67DA6AB6-F800-4c08-8B7A-83BB121AAD01}</UniqueIdentifier>
      <Extensions>rc;ico;cur;bmp;dlg;rc2;rct;bin;rgs;gif;jpg;jpeg;jpe;resx;tiff;tif;png;wav</Extensions>
    </Filter>
  </ItemGroup>
  <ItemGroup>
    <ClCompile Include="..\..\ssl\bio_ssl.c">
      <Filter>Source Files\ssl</Filter>
    </ClCompile>
    <ClCompile Include="..\..\ssl\d1_both.c">
      <Filter>Source Files\ssl</Filter>
    </ClCompile>
    <ClCompile Include="..\..\ssl\d1_clnt.c">
      <Filter>Source Files\ssl</Filter>
    </ClCompile>
    <ClCompile Include="..\..\ssl\d1_enc.c">
      <Filter>Source Files\ssl</Filter>
    </ClCompile>
    <ClCompile Include="..\..\ssl\d1_lib.c">
      <Filter>Source Files\ssl</Filter>
    </ClCompile>
    <ClCompile Include="..\..\ssl\d1_meth.c">
      <Filter>Source Files\ssl</Filter>
    </ClCompile>
    <ClCompile Include="..\..\ssl\d1_pkt.c">
      <Filter>Source Files\ssl</Filter>
    </ClCompile>
    <ClCompile Include="..\..\ssl\d1_srvr.c">
      <Filter>Source Files\ssl</Filter>
    </ClCompile>
    <ClCompile Include="..\..\ssl\kssl.c">
      <Filter>Source Files\ssl</Filter>
    </ClCompile>
    <ClCompile Include="..\..\ssl\s23_clnt.c">
      <Filter>Source Files\ssl</Filter>
    </ClCompile>
    <ClCompile Include="..\..\ssl\s23_lib.c">
      <Filter>Source Files\ssl</Filter>
    </ClCompile>
    <ClCompile Include="..\..\ssl\s23_meth.c">
      <Filter>Source Files\ssl</Filter>
    </ClCompile>
    <ClCompile Include="..\..\ssl\s23_pkt.c">
      <Filter>Source Files\ssl</Filter>
    </ClCompile>
    <ClCompile Include="..\..\ssl\s23_srvr.c">
      <Filter>Source Files\ssl</Filter>
    </ClCompile>
    <ClCompile Include="..\..\ssl\s2_clnt.c">
      <Filter>Source Files\ssl</Filter>
    </ClCompile>
    <ClCompile Include="..\..\ssl\s2_enc.c">
      <Filter>Source Files\ssl</Filter>
    </ClCompile>
    <ClCompile Include="..\..\ssl\s2_lib.c">
      <Filter>Source Files\ssl</Filter>
    </ClCompile>
    <ClCompile Include="..\..\ssl\s2_meth.c">
      <Filter>Source Files\ssl</Filter>
    </ClCompile>
    <ClCompile Include="..\..\ssl\s2_pkt.c">
      <Filter>Source Files\ssl</Filter>
    </ClCompile>
    <ClCompile Include="..\..\ssl\s2_srvr.c">
      <Filter>Source Files\ssl</Filter>
    </ClCompile>
    <ClCompile Include="..\..\ssl\s3_both.c">
      <Filter>Source Files\ssl</Filter>
    </ClCompile>
    <ClCompile Include="..\..\ssl\s3_clnt.c">
      <Filter>Source Files\ssl</Filter>
    </ClCompile>
    <ClCompile Include="..\..\ssl\s3_enc.c">
      <Filter>Source Files\ssl</Filter>
    </ClCompile>
    <ClCompile Include="..\..\ssl\s3_lib.c">
      <Filter>Source Files\ssl</Filter>
    </ClCompile>
    <ClCompile Include="..\..\ssl\s3_meth.c">
      <Filter>Source Files\ssl</Filter>
    </ClCompile>
    <ClCompile Include="..\..\ssl\s3_pkt.c">
      <Filter>Source Files\ssl</Filter>
    </ClCompile>
    <ClCompile Include="..\..\ssl\s3_srvr.c">
      <Filter>Source Files\ssl</Filter>
    </ClCompile>
    <ClCompile Include="..\..\ssl\ssl_algs.c">
      <Filter>Source Files\ssl</Filter>
    </ClCompile>
    <ClCompile Include="..\..\ssl\ssl_asn1.c">
      <Filter>Source Files\ssl</Filter>
    </ClCompile>
    <ClCompile Include="..\..\ssl\ssl_cert.c">
      <Filter>Source Files\ssl</Filter>
    </ClCompile>
    <ClCompile Include="..\..\ssl\ssl_ciph.c">
      <Filter>Source Files\ssl</Filter>
    </ClCompile>
    <ClCompile Include="..\..\ssl\ssl_err.c">
      <Filter>Source Files\ssl</Filter>
    </ClCompile>
    <ClCompile Include="..\..\ssl\ssl_err2.c">
      <Filter>Source Files\ssl</Filter>
    </ClCompile>
    <ClCompile Include="..\..\ssl\ssl_lib.c">
      <Filter>Source Files\ssl</Filter>
    </ClCompile>
    <ClCompile Include="..\..\ssl\ssl_rsa.c">
      <Filter>Source Files\ssl</Filter>
    </ClCompile>
    <ClCompile Include="..\..\ssl\ssl_sess.c">
      <Filter>Source Files\ssl</Filter>
    </ClCompile>
    <ClCompile Include="..\..\ssl\ssl_stat.c">
      <Filter>Source Files\ssl</Filter>
    </ClCompile>
    <ClCompile Include="..\..\ssl\ssl_txt.c">
      <Filter>Source Files\ssl</Filter>
    </ClCompile>
    <ClCompile Include="..\..\ssl\t1_clnt.c">
      <Filter>Source Files\ssl</Filter>
    </ClCompile>
    <ClCompile Include="..\..\ssl\t1_enc.c">
      <Filter>Source Files\ssl</Filter>
    </ClCompile>
    <ClCompile Include="..\..\ssl\t1_lib.c">
      <Filter>Source Files\ssl</Filter>
    </ClCompile>
    <ClCompile Include="..\..\ssl\t1_meth.c">
      <Filter>Source Files\ssl</Filter>
    </ClCompile>
    <ClCompile Include="..\..\ssl\t1_srvr.c">
      <Filter>Source Files\ssl</Filter>
    </ClCompile>
  </ItemGroup>
  <ItemGroup>
    <ClInclude Include="..\..\crypto\cryptlib.h">
      <Filter>Header Files\crypto</Filter>
    </ClInclude>
    <ClInclude Include="..\..\crypto\o_dir.h">
      <Filter>Header Files\crypto</Filter>
    </ClInclude>
    <ClInclude Include="..\..\crypto\evp\evp_locl.h">
      <Filter>Header Files\crypto\evp</Filter>
    </ClInclude>
  </ItemGroup>
  <ItemGroup>
    <None Include="ReadMe.txt" />
  </ItemGroup>
</Project>