<?xml version="1.0" encoding="utf-8"?>
<Project ToolsVersion="4.0" xmlns="http://schemas.microsoft.com/developer/msbuild/2003">
  <ItemGroup>
    <Filter Include="Source Files">
      <UniqueIdentifier>{4FC737F1-C7A5-4376-A066-2A32D752A2FF}</UniqueIdentifier>
      <Extensions>cpp;c;cc;cxx;def;odl;idl;hpj;bat;asm;asmx</Extensions>
    </Filter>
    <Filter Include="Header Files">
      <UniqueIdentifier>{93995380-89BD-4b04-88EB-625FBE52EBFB}</UniqueIdentifier>
      <Extensions>h;hpp;hxx;hm;inl;inc;xsd</Extensions>
    </Filter>
    <Filter Include="Resource Files">
      <UniqueIdentifier>{67DA6AB6-F800-4c08-8B7A-83BB121AAD01}</UniqueIdentifier>
      <Extensions>rc;ico;cur;bmp;dlg;rc2;rct;bin;rgs;gif;jpg;jpeg;jpe;resx;tiff;tif;png;wav</Extensions>
    </Filter>
  </ItemGroup>
  <ItemGroup>
    <ClCompile Include="client_interface.cpp">
      <Filter>Source Files</Filter>
    </ClCompile>
    <ClCompile Include="clientapp.cpp">
      <Filter>Source Files</Filter>
    </ClCompile>
    <ClCompile Include="clientobjectbase.cpp">
      <Filter>Source Files</Filter>
    </ClCompile>
    <ClCompile Include="config.cpp">
      <Filter>Source Files</Filter>
    </ClCompile>
    <ClCompile Include="entity.cpp">
      <Filter>Source Files</Filter>
    </ClCompile>
    <ClCompile Include="entity_aspect.cpp">
      <Filter>Source Files</Filter>
    </ClCompile>
    <ClCompile Include="event.cpp">
      <Filter>Source Files</Filter>
    </ClCompile>
    <ClCompile Include="profile.cpp">
      <Filter>Source Files</Filter>
    </ClCompile>
    <ClCompile Include="script_callbacks.cpp">
      <Filter>Source Files</Filter>
    </ClCompile>
  </ItemGroup>
  <ItemGroup>
    <ClInclude Include="client_interface.hpp">
      <Filter>Header Files</Filter>
    </ClInclude>
    <ClInclude Include="client_interface_macros.hpp">
      <Filter>Header Files</Filter>
    </ClInclude>
    <ClInclude Include="clientapp.hpp">
      <Filter>Header Files</Filter>
    </ClInclude>
    <ClInclude Include="clientobjectbase.hpp">
      <Filter>Header Files</Filter>
    </ClInclude>
    <ClInclude Include="common.hpp">
      <Filter>Header Files</Filter>
    </ClInclude>
    <ClInclude Include="config.hpp">
      <Filter>Header Files</Filter>
    </ClInclude>
    <ClInclude Include="entity.hpp">
      <Filter>Header Files</Filter>
    </ClInclude>
    <ClInclude Include="entity_aspect.hpp">
      <Filter>Header Files</Filter>
    </ClInclude>
    <ClInclude Include="event.hpp">
      <Filter>Header Files</Filter>
    </ClInclude>
    <ClInclude Include="kbemain.hpp">
      <Filter>Header Files</Filter>
    </ClInclude>
    <ClInclude Include="profile.hpp">
      <Filter>Header Files</Filter>
    </ClInclude>
    <ClInclude Include="script_callbacks.hpp">
      <Filter>Header Files</Filter>
    </ClInclude>
  </ItemGroup>
  <ItemGroup>
    <None Include="entity.ipp" />
    <None Include="ReadMe.txt" />
  </ItemGroup>
</Project>